// !$*UTF8*$!
{
	archiveVersion = 1;
	classes = {
	};
	objectVersion = 46;
	objects = {

/* Begin PBXBuildFile section */
		74AA947A18091AE10000539F /* WebKit.framework in Frameworks */ = {isa = PBXBuildFile; fileRef = 74AA947918091AE10000539F /* WebKit.framework */; };
		74CAAD0318185A9B001B77BB /* Carbon.framework in Frameworks */ = {isa = PBXBuildFile; fileRef = 74CAAD0218185A9B001B77BB /* Carbon.framework */; };
		B8B6EC65244616B10008FA32 /* netconf.h in Headers */ = {isa = PBXBuildFile; fileRef = B8B6EC35244616AE0008FA32 /* netconf.h */; };
		B8B6EC66244616B10008FA32 /* timeline_notifications.h in Headers */ = {isa = PBXBuildFile; fileRef = B8B6EC36244616AE0008FA32 /* timeline_notifications.h */; };
		B8B6EC67244616B10008FA32 /* timeline_uploader.h in Headers */ = {isa = PBXBuildFile; fileRef = B8B6EC37244616AE0008FA32 /* timeline_uploader.h */; };
		B8B6EC68244616B10008FA32 /* analytics.h in Headers */ = {isa = PBXBuildFile; fileRef = B8B6EC38244616AE0008FA32 /* analytics.h */; };
		B8B6EC69244616B10008FA32 /* model_change.cc in Sources */ = {isa = PBXBuildFile; fileRef = B8B6EC39244616AE0008FA32 /* model_change.cc */; };
		B8B6EC6A244616B10008FA32 /* toggl_api.h in Headers */ = {isa = PBXBuildFile; fileRef = B8B6EC3A244616AE0008FA32 /* toggl_api.h */; };
		B8B6EC6B244616B10008FA32 /* feedback.h in Headers */ = {isa = PBXBuildFile; fileRef = B8B6EC3B244616AE0008FA32 /* feedback.h */; };
		B8B6EC6D244616B10008FA32 /* model_change.h in Headers */ = {isa = PBXBuildFile; fileRef = B8B6EC3E244616AF0008FA32 /* model_change.h */; };
		B8B6EC6E244616B10008FA32 /* get_focused_window_mac.cc in Sources */ = {isa = PBXBuildFile; fileRef = B8B6EC3F244616AF0008FA32 /* get_focused_window_mac.cc */; };
		B8B6EC70244616B10008FA32 /* types.h in Headers */ = {isa = PBXBuildFile; fileRef = B8B6EC41244616AF0008FA32 /* types.h */; };
		B8B6EC71244616B10008FA32 /* batch_update_result.h in Headers */ = {isa = PBXBuildFile; fileRef = B8B6EC42244616AF0008FA32 /* batch_update_result.h */; };
		B8B6EC72244616B10008FA32 /* urls.h in Headers */ = {isa = PBXBuildFile; fileRef = B8B6EC43244616AF0008FA32 /* urls.h */; };
		B8B6EC73244616B10008FA32 /* proxy.h in Headers */ = {isa = PBXBuildFile; fileRef = B8B6EC44244616AF0008FA32 /* proxy.h */; };
		B8B6EC74244616B10008FA32 /* help_article.h in Headers */ = {isa = PBXBuildFile; fileRef = B8B6EC45244616AF0008FA32 /* help_article.h */; };
		B8B6EC75244616B10008FA32 /* websocket_client.cc in Sources */ = {isa = PBXBuildFile; fileRef = B8B6EC46244616AF0008FA32 /* websocket_client.cc */; };
		B8B6EC76244616B10008FA32 /* context.h in Headers */ = {isa = PBXBuildFile; fileRef = B8B6EC47244616AF0008FA32 /* context.h */; };
		B8B6EC77244616B10008FA32 /* toggl_api_private.cc in Sources */ = {isa = PBXBuildFile; fileRef = B8B6EC48244616AF0008FA32 /* toggl_api_private.cc */; };
		B8B6EC78244616B10008FA32 /* websocket_client.h in Headers */ = {isa = PBXBuildFile; fileRef = B8B6EC49244616AF0008FA32 /* websocket_client.h */; };
		B8B6EC79244616B10008FA32 /* related_data.cc in Sources */ = {isa = PBXBuildFile; fileRef = B8B6EC4A244616AF0008FA32 /* related_data.cc */; };
		B8B6EC7A244616B10008FA32 /* platforminfo.h in Headers */ = {isa = PBXBuildFile; fileRef = B8B6EC4B244616AF0008FA32 /* platforminfo.h */; };
		B8B6EC7B244616B10008FA32 /* proxy.cc in Sources */ = {isa = PBXBuildFile; fileRef = B8B6EC4C244616AF0008FA32 /* proxy.cc */; };
		B8B6EC7C244616B10008FA32 /* get_focused_window.h in Headers */ = {isa = PBXBuildFile; fileRef = B8B6EC4D244616AF0008FA32 /* get_focused_window.h */; };
		B8B6EC7D244616B10008FA32 /* netconf.cc in Sources */ = {isa = PBXBuildFile; fileRef = B8B6EC4E244616AF0008FA32 /* netconf.cc */; };
		B8B6EC7E244616B10008FA32 /* toggl_api_private.h in Headers */ = {isa = PBXBuildFile; fileRef = B8B6EC4F244616B00008FA32 /* toggl_api_private.h */; };
		B8B6EC7F244616B10008FA32 /* toggl_api.cc in Sources */ = {isa = PBXBuildFile; fileRef = B8B6EC50244616B00008FA32 /* toggl_api.cc */; };
		B8B6EC80244616B10008FA32 /* analytics.cc in Sources */ = {isa = PBXBuildFile; fileRef = B8B6EC51244616B00008FA32 /* analytics.cc */; };
		B8B6EC81244616B10008FA32 /* https_client.h in Headers */ = {isa = PBXBuildFile; fileRef = B8B6EC52244616B00008FA32 /* https_client.h */; };
		B8B6EC82244616B10008FA32 /* feedback.cc in Sources */ = {isa = PBXBuildFile; fileRef = B8B6EC53244616B00008FA32 /* feedback.cc */; };
		B8B6EC84244616B10008FA32 /* timeline_uploader.cc in Sources */ = {isa = PBXBuildFile; fileRef = B8B6EC55244616B00008FA32 /* timeline_uploader.cc */; };
		B8B6EC85244616B10008FA32 /* error.cc in Sources */ = {isa = PBXBuildFile; fileRef = B8B6EC56244616B00008FA32 /* error.cc */; };
		B8B6EC86244616B10008FA32 /* urls.cc in Sources */ = {isa = PBXBuildFile; fileRef = B8B6EC57244616B00008FA32 /* urls.cc */; };
		B8B6EC87244616B10008FA32 /* related_data.h in Headers */ = {isa = PBXBuildFile; fileRef = B8B6EC58244616B00008FA32 /* related_data.h */; };
		B8B6EC88244616B10008FA32 /* error.h in Headers */ = {isa = PBXBuildFile; fileRef = B8B6EC59244616B00008FA32 /* error.h */; };
		B8B6EC89244616B10008FA32 /* help_article.cc in Sources */ = {isa = PBXBuildFile; fileRef = B8B6EC5A244616B00008FA32 /* help_article.cc */; };
		B8B6EC8A244616B10008FA32 /* idle.h in Headers */ = {isa = PBXBuildFile; fileRef = B8B6EC5B244616B00008FA32 /* idle.h */; };
		B8B6EC8B244616B10008FA32 /* batch_update_result.cc in Sources */ = {isa = PBXBuildFile; fileRef = B8B6EC5C244616B10008FA32 /* batch_update_result.cc */; };
		B8B6EC8C244616B10008FA32 /* window_change_recorder.h in Headers */ = {isa = PBXBuildFile; fileRef = B8B6EC5D244616B10008FA32 /* window_change_recorder.h */; };
		B8B6EC8D244616B10008FA32 /* const.h in Headers */ = {isa = PBXBuildFile; fileRef = B8B6EC5E244616B10008FA32 /* const.h */; };
		B8B6EC8E244616B10008FA32 /* window_change_recorder.cc in Sources */ = {isa = PBXBuildFile; fileRef = B8B6EC5F244616B10008FA32 /* window_change_recorder.cc */; };
		B8B6EC8F244616B10008FA32 /* https_client.cc in Sources */ = {isa = PBXBuildFile; fileRef = B8B6EC60244616B10008FA32 /* https_client.cc */; };
		B8B6EC90244616B10008FA32 /* gui.cc in Sources */ = {isa = PBXBuildFile; fileRef = B8B6EC61244616B10008FA32 /* gui.cc */; };
		B8B6EC91244616B10008FA32 /* idle.cc in Sources */ = {isa = PBXBuildFile; fileRef = B8B6EC62244616B10008FA32 /* idle.cc */; };
		B8B6EC92244616B10008FA32 /* gui.h in Headers */ = {isa = PBXBuildFile; fileRef = B8B6EC63244616B10008FA32 /* gui.h */; };
		B8B6EC93244616B10008FA32 /* context.cc in Sources */ = {isa = PBXBuildFile; fileRef = B8B6EC64244616B10008FA32 /* context.cc */; };
		B8B6ECAE244617000008FA32 /* project.h in Headers */ = {isa = PBXBuildFile; fileRef = B8B6EC96244616FF0008FA32 /* project.h */; };
		B8B6ECAF244617000008FA32 /* settings.cc in Sources */ = {isa = PBXBuildFile; fileRef = B8B6EC97244616FF0008FA32 /* settings.cc */; };
		B8B6ECB0244617000008FA32 /* obm_action.cc in Sources */ = {isa = PBXBuildFile; fileRef = B8B6EC98244616FF0008FA32 /* obm_action.cc */; };
		B8B6ECB1244617000008FA32 /* project.cc in Sources */ = {isa = PBXBuildFile; fileRef = B8B6EC99244616FF0008FA32 /* project.cc */; };
		B8B6ECB2244617000008FA32 /* tag.h in Headers */ = {isa = PBXBuildFile; fileRef = B8B6EC9A244616FF0008FA32 /* tag.h */; };
		B8B6ECB3244617000008FA32 /* task.h in Headers */ = {isa = PBXBuildFile; fileRef = B8B6EC9B244616FF0008FA32 /* task.h */; };
		B8B6ECB4244617000008FA32 /* tag.cc in Sources */ = {isa = PBXBuildFile; fileRef = B8B6EC9C244616FF0008FA32 /* tag.cc */; };
		B8B6ECB5244617000008FA32 /* timeline_event.h in Headers */ = {isa = PBXBuildFile; fileRef = B8B6EC9D244616FF0008FA32 /* timeline_event.h */; };
		B8B6ECB6244617000008FA32 /* user.cc in Sources */ = {isa = PBXBuildFile; fileRef = B8B6EC9E244616FF0008FA32 /* user.cc */; };
		B8B6ECB7244617000008FA32 /* time_entry.cc in Sources */ = {isa = PBXBuildFile; fileRef = B8B6EC9F244616FF0008FA32 /* time_entry.cc */; };
		B8B6ECB8244617000008FA32 /* user.h in Headers */ = {isa = PBXBuildFile; fileRef = B8B6ECA0244616FF0008FA32 /* user.h */; };
		B8B6ECB9244617000008FA32 /* client.cc in Sources */ = {isa = PBXBuildFile; fileRef = B8B6ECA1244617000008FA32 /* client.cc */; };
		B8B6ECBA244617000008FA32 /* obm_action.h in Headers */ = {isa = PBXBuildFile; fileRef = B8B6ECA2244617000008FA32 /* obm_action.h */; };
		B8B6ECBB244617000008FA32 /* workspace.cc in Sources */ = {isa = PBXBuildFile; fileRef = B8B6ECA3244617000008FA32 /* workspace.cc */; };
		B8B6ECBC244617000008FA32 /* autotracker.h in Headers */ = {isa = PBXBuildFile; fileRef = B8B6ECA4244617000008FA32 /* autotracker.h */; };
		B8B6ECBD244617000008FA32 /* autotracker.cc in Sources */ = {isa = PBXBuildFile; fileRef = B8B6ECA5244617000008FA32 /* autotracker.cc */; };
		B8B6ECBE244617000008FA32 /* base_model.h in Headers */ = {isa = PBXBuildFile; fileRef = B8B6ECA6244617000008FA32 /* base_model.h */; };
		B8B6ECBF244617000008FA32 /* settings.h in Headers */ = {isa = PBXBuildFile; fileRef = B8B6ECA7244617000008FA32 /* settings.h */; };
		B8B6ECC0244617000008FA32 /* task.cc in Sources */ = {isa = PBXBuildFile; fileRef = B8B6ECA8244617000008FA32 /* task.cc */; };
		B8B6ECC1244617000008FA32 /* timeline_event.cc in Sources */ = {isa = PBXBuildFile; fileRef = B8B6ECA9244617000008FA32 /* timeline_event.cc */; };
		B8B6ECC2244617000008FA32 /* base_model.cc in Sources */ = {isa = PBXBuildFile; fileRef = B8B6ECAA244617000008FA32 /* base_model.cc */; };
		B8B6ECC3244617000008FA32 /* workspace.h in Headers */ = {isa = PBXBuildFile; fileRef = B8B6ECAB244617000008FA32 /* workspace.h */; };
		B8B6ECC4244617000008FA32 /* time_entry.h in Headers */ = {isa = PBXBuildFile; fileRef = B8B6ECAC244617000008FA32 /* time_entry.h */; };
		B8B6ECC5244617000008FA32 /* client.h in Headers */ = {isa = PBXBuildFile; fileRef = B8B6ECAD244617000008FA32 /* client.h */; };
		B8B6ECD02446170C0008FA32 /* logger.h in Headers */ = {isa = PBXBuildFile; fileRef = B8B6ECC62446170C0008FA32 /* logger.h */; };
		B8B6ECD12446170D0008FA32 /* rectangle.h in Headers */ = {isa = PBXBuildFile; fileRef = B8B6ECC72446170C0008FA32 /* rectangle.h */; };
		B8B6ECD22446170D0008FA32 /* custom_error_handler.h in Headers */ = {isa = PBXBuildFile; fileRef = B8B6ECC82446170C0008FA32 /* custom_error_handler.h */; };
		B8B6ECD32446170D0008FA32 /* formatter.h in Headers */ = {isa = PBXBuildFile; fileRef = B8B6ECC92446170C0008FA32 /* formatter.h */; };
		B8B6ECD42446170D0008FA32 /* formatter.cc in Sources */ = {isa = PBXBuildFile; fileRef = B8B6ECCA2446170C0008FA32 /* formatter.cc */; };
		B8B6ECD52446170D0008FA32 /* random.h in Headers */ = {isa = PBXBuildFile; fileRef = B8B6ECCB2446170C0008FA32 /* random.h */; };
		B8B6ECD62446170D0008FA32 /* rectangle.cc in Sources */ = {isa = PBXBuildFile; fileRef = B8B6ECCC2446170C0008FA32 /* rectangle.cc */; };
		B8B6ECD72446170D0008FA32 /* random.cc in Sources */ = {isa = PBXBuildFile; fileRef = B8B6ECCD2446170C0008FA32 /* random.cc */; };
		B8B6ECD82446170D0008FA32 /* custom_error_handler.cc in Sources */ = {isa = PBXBuildFile; fileRef = B8B6ECCE2446170C0008FA32 /* custom_error_handler.cc */; };
		B8B6ECD92446170D0008FA32 /* logger.cc in Sources */ = {isa = PBXBuildFile; fileRef = B8B6ECCF2446170C0008FA32 /* logger.cc */; };
		B8B6ECDF2446173A0008FA32 /* database.cc in Sources */ = {isa = PBXBuildFile; fileRef = B8B6ECDB2446173A0008FA32 /* database.cc */; };
		B8B6ECE02446173A0008FA32 /* migrations.cc in Sources */ = {isa = PBXBuildFile; fileRef = B8B6ECDC2446173A0008FA32 /* migrations.cc */; };
		B8B6ECE12446173A0008FA32 /* migrations.h in Headers */ = {isa = PBXBuildFile; fileRef = B8B6ECDD2446173A0008FA32 /* migrations.h */; };
		B8B6ECE22446173A0008FA32 /* database.h in Headers */ = {isa = PBXBuildFile; fileRef = B8B6ECDE2446173A0008FA32 /* database.h */; };
		B8B6ECEE244629240008FA32 /* jsoncpp.cpp in Sources */ = {isa = PBXBuildFile; fileRef = B8B6ECED244629240008FA32 /* jsoncpp.cpp */; };
		BA1AB53E235DEAD4000433AE /* MacOSVersionChecker.mm in Sources */ = {isa = PBXBuildFile; fileRef = BA1AB53D235DEAD4000433AE /* MacOSVersionChecker.mm */; };
		BA43B32723F680B00007DD99 /* libPocoCrypto.60.dylib in Frameworks */ = {isa = PBXBuildFile; fileRef = BA43B31E23F680B00007DD99 /* libPocoCrypto.60.dylib */; };
		BA43B32923F680B00007DD99 /* libPocoData.60.dylib in Frameworks */ = {isa = PBXBuildFile; fileRef = BA43B31F23F680B00007DD99 /* libPocoData.60.dylib */; };
		BA43B32B23F680B00007DD99 /* libPocoDataSQLite.60.dylib in Frameworks */ = {isa = PBXBuildFile; fileRef = BA43B32023F680B00007DD99 /* libPocoDataSQLite.60.dylib */; };
		BA43B32D23F680B00007DD99 /* libPocoFoundation.60.dylib in Frameworks */ = {isa = PBXBuildFile; fileRef = BA43B32123F680B00007DD99 /* libPocoFoundation.60.dylib */; };
		BA43B32F23F680B00007DD99 /* libPocoJSON.60.dylib in Frameworks */ = {isa = PBXBuildFile; fileRef = BA43B32223F680B00007DD99 /* libPocoJSON.60.dylib */; };
		BA43B33123F680B00007DD99 /* libPocoNet.60.dylib in Frameworks */ = {isa = PBXBuildFile; fileRef = BA43B32323F680B00007DD99 /* libPocoNet.60.dylib */; };
		BA43B33323F680B00007DD99 /* libPocoNetSSL.60.dylib in Frameworks */ = {isa = PBXBuildFile; fileRef = BA43B32423F680B00007DD99 /* libPocoNetSSL.60.dylib */; };
		BA43B33523F680B00007DD99 /* libPocoUtil.60.dylib in Frameworks */ = {isa = PBXBuildFile; fileRef = BA43B32523F680B00007DD99 /* libPocoUtil.60.dylib */; };
		BA43B33723F680B00007DD99 /* libPocoXML.60.dylib in Frameworks */ = {isa = PBXBuildFile; fileRef = BA43B32623F680B00007DD99 /* libPocoXML.60.dylib */; };
		BAA842252403D99800BCCB67 /* libPocoCrypto.60.dylib in CopyFiles */ = {isa = PBXBuildFile; fileRef = BA43B31E23F680B00007DD99 /* libPocoCrypto.60.dylib */; settings = {ATTRIBUTES = (CodeSignOnCopy, ); }; };
		BAA842262403D99800BCCB67 /* libPocoData.60.dylib in CopyFiles */ = {isa = PBXBuildFile; fileRef = BA43B31F23F680B00007DD99 /* libPocoData.60.dylib */; settings = {ATTRIBUTES = (CodeSignOnCopy, ); }; };
		BAA842272403D99800BCCB67 /* libPocoDataSQLite.60.dylib in CopyFiles */ = {isa = PBXBuildFile; fileRef = BA43B32023F680B00007DD99 /* libPocoDataSQLite.60.dylib */; settings = {ATTRIBUTES = (CodeSignOnCopy, ); }; };
		BAA842282403D99800BCCB67 /* libPocoFoundation.60.dylib in CopyFiles */ = {isa = PBXBuildFile; fileRef = BA43B32123F680B00007DD99 /* libPocoFoundation.60.dylib */; settings = {ATTRIBUTES = (CodeSignOnCopy, ); }; };
		BAA842292403D99800BCCB67 /* libPocoJSON.60.dylib in CopyFiles */ = {isa = PBXBuildFile; fileRef = BA43B32223F680B00007DD99 /* libPocoJSON.60.dylib */; settings = {ATTRIBUTES = (CodeSignOnCopy, ); }; };
		BAA8422A2403D99800BCCB67 /* libPocoNet.60.dylib in CopyFiles */ = {isa = PBXBuildFile; fileRef = BA43B32323F680B00007DD99 /* libPocoNet.60.dylib */; settings = {ATTRIBUTES = (CodeSignOnCopy, ); }; };
		BAA8422B2403D99800BCCB67 /* libPocoNetSSL.60.dylib in CopyFiles */ = {isa = PBXBuildFile; fileRef = BA43B32423F680B00007DD99 /* libPocoNetSSL.60.dylib */; settings = {ATTRIBUTES = (CodeSignOnCopy, ); }; };
		BAA8422C2403D99800BCCB67 /* libPocoUtil.60.dylib in CopyFiles */ = {isa = PBXBuildFile; fileRef = BA43B32523F680B00007DD99 /* libPocoUtil.60.dylib */; settings = {ATTRIBUTES = (CodeSignOnCopy, ); }; };
		BAA8422D2403D99800BCCB67 /* libPocoXML.60.dylib in CopyFiles */ = {isa = PBXBuildFile; fileRef = BA43B32623F680B00007DD99 /* libPocoXML.60.dylib */; settings = {ATTRIBUTES = (CodeSignOnCopy, ); }; };
		BAA842302403DAE000BCCB67 /* libcrypto.1.1.dylib in Frameworks */ = {isa = PBXBuildFile; fileRef = BAA8422E2403DAE000BCCB67 /* libcrypto.1.1.dylib */; };
		BAA842312403DAE000BCCB67 /* libcrypto.1.1.dylib in CopyFiles */ = {isa = PBXBuildFile; fileRef = BAA8422E2403DAE000BCCB67 /* libcrypto.1.1.dylib */; settings = {ATTRIBUTES = (CodeSignOnCopy, ); }; };
		BAA842322403DAE000BCCB67 /* libssl.1.1.dylib in Frameworks */ = {isa = PBXBuildFile; fileRef = BAA8422F2403DAE000BCCB67 /* libssl.1.1.dylib */; };
		BAA842332403DAE000BCCB67 /* libssl.1.1.dylib in CopyFiles */ = {isa = PBXBuildFile; fileRef = BAA8422F2403DAE000BCCB67 /* libssl.1.1.dylib */; settings = {ATTRIBUTES = (CodeSignOnCopy, ); }; };
/* End PBXBuildFile section */

/* Begin PBXCopyFilesBuildPhase section */
		BAA842212403D96100BCCB67 /* CopyFiles */ = {
			isa = PBXCopyFilesBuildPhase;
			buildActionMask = 2147483647;
			dstPath = "";
			dstSubfolderSpec = 6;
			files = (
				BAA842312403DAE000BCCB67 /* libcrypto.1.1.dylib in CopyFiles */,
				BAA842252403D99800BCCB67 /* libPocoCrypto.60.dylib in CopyFiles */,
				BAA842262403D99800BCCB67 /* libPocoData.60.dylib in CopyFiles */,
				BAA842272403D99800BCCB67 /* libPocoDataSQLite.60.dylib in CopyFiles */,
				BAA842282403D99800BCCB67 /* libPocoFoundation.60.dylib in CopyFiles */,
				BAA842292403D99800BCCB67 /* libPocoJSON.60.dylib in CopyFiles */,
				BAA8422A2403D99800BCCB67 /* libPocoNet.60.dylib in CopyFiles */,
				BAA8422B2403D99800BCCB67 /* libPocoNetSSL.60.dylib in CopyFiles */,
				BAA842332403DAE000BCCB67 /* libssl.1.1.dylib in CopyFiles */,
				BAA8422C2403D99800BCCB67 /* libPocoUtil.60.dylib in CopyFiles */,
				BAA8422D2403D99800BCCB67 /* libPocoXML.60.dylib in CopyFiles */,
			);
			runOnlyForDeploymentPostprocessing = 0;
		};
/* End PBXCopyFilesBuildPhase section */

/* Begin PBXFileReference section */
		74AA947918091AE10000539F /* WebKit.framework */ = {isa = PBXFileReference; lastKnownFileType = wrapper.framework; name = WebKit.framework; path = System/Library/Frameworks/WebKit.framework; sourceTree = SDKROOT; };
		74CAAD0218185A9B001B77BB /* Carbon.framework */ = {isa = PBXFileReference; lastKnownFileType = wrapper.framework; name = Carbon.framework; path = System/Library/Frameworks/Carbon.framework; sourceTree = SDKROOT; };
		B8B6EC35244616AE0008FA32 /* netconf.h */ = {isa = PBXFileReference; fileEncoding = 4; lastKnownFileType = sourcecode.c.h; path = netconf.h; sourceTree = "<group>"; };
		B8B6EC36244616AE0008FA32 /* timeline_notifications.h */ = {isa = PBXFileReference; fileEncoding = 4; lastKnownFileType = sourcecode.c.h; path = timeline_notifications.h; sourceTree = "<group>"; };
		B8B6EC37244616AE0008FA32 /* timeline_uploader.h */ = {isa = PBXFileReference; fileEncoding = 4; lastKnownFileType = sourcecode.c.h; path = timeline_uploader.h; sourceTree = "<group>"; };
		B8B6EC38244616AE0008FA32 /* analytics.h */ = {isa = PBXFileReference; fileEncoding = 4; lastKnownFileType = sourcecode.c.h; path = analytics.h; sourceTree = "<group>"; };
		B8B6EC39244616AE0008FA32 /* model_change.cc */ = {isa = PBXFileReference; fileEncoding = 4; lastKnownFileType = sourcecode.cpp.cpp; path = model_change.cc; sourceTree = "<group>"; };
		B8B6EC3A244616AE0008FA32 /* toggl_api.h */ = {isa = PBXFileReference; fileEncoding = 4; lastKnownFileType = sourcecode.c.h; path = toggl_api.h; sourceTree = "<group>"; };
		B8B6EC3B244616AE0008FA32 /* feedback.h */ = {isa = PBXFileReference; fileEncoding = 4; lastKnownFileType = sourcecode.c.h; path = feedback.h; sourceTree = "<group>"; };
		B8B6EC3E244616AF0008FA32 /* model_change.h */ = {isa = PBXFileReference; fileEncoding = 4; lastKnownFileType = sourcecode.c.h; path = model_change.h; sourceTree = "<group>"; };
		B8B6EC3F244616AF0008FA32 /* get_focused_window_mac.cc */ = {isa = PBXFileReference; fileEncoding = 4; lastKnownFileType = sourcecode.cpp.cpp; path = get_focused_window_mac.cc; sourceTree = "<group>"; };
		B8B6EC41244616AF0008FA32 /* types.h */ = {isa = PBXFileReference; fileEncoding = 4; lastKnownFileType = sourcecode.c.h; path = types.h; sourceTree = "<group>"; };
		B8B6EC42244616AF0008FA32 /* batch_update_result.h */ = {isa = PBXFileReference; fileEncoding = 4; lastKnownFileType = sourcecode.c.h; path = batch_update_result.h; sourceTree = "<group>"; };
		B8B6EC43244616AF0008FA32 /* urls.h */ = {isa = PBXFileReference; fileEncoding = 4; lastKnownFileType = sourcecode.c.h; path = urls.h; sourceTree = "<group>"; };
		B8B6EC44244616AF0008FA32 /* proxy.h */ = {isa = PBXFileReference; fileEncoding = 4; lastKnownFileType = sourcecode.c.h; path = proxy.h; sourceTree = "<group>"; };
		B8B6EC45244616AF0008FA32 /* help_article.h */ = {isa = PBXFileReference; fileEncoding = 4; lastKnownFileType = sourcecode.c.h; path = help_article.h; sourceTree = "<group>"; };
		B8B6EC46244616AF0008FA32 /* websocket_client.cc */ = {isa = PBXFileReference; fileEncoding = 4; lastKnownFileType = sourcecode.cpp.cpp; path = websocket_client.cc; sourceTree = "<group>"; };
		B8B6EC47244616AF0008FA32 /* context.h */ = {isa = PBXFileReference; fileEncoding = 4; lastKnownFileType = sourcecode.c.h; path = context.h; sourceTree = "<group>"; };
		B8B6EC48244616AF0008FA32 /* toggl_api_private.cc */ = {isa = PBXFileReference; fileEncoding = 4; lastKnownFileType = sourcecode.cpp.cpp; path = toggl_api_private.cc; sourceTree = "<group>"; };
		B8B6EC49244616AF0008FA32 /* websocket_client.h */ = {isa = PBXFileReference; fileEncoding = 4; lastKnownFileType = sourcecode.c.h; path = websocket_client.h; sourceTree = "<group>"; };
		B8B6EC4A244616AF0008FA32 /* related_data.cc */ = {isa = PBXFileReference; fileEncoding = 4; lastKnownFileType = sourcecode.cpp.cpp; path = related_data.cc; sourceTree = "<group>"; };
		B8B6EC4B244616AF0008FA32 /* platforminfo.h */ = {isa = PBXFileReference; fileEncoding = 4; lastKnownFileType = sourcecode.c.h; path = platforminfo.h; sourceTree = "<group>"; };
		B8B6EC4C244616AF0008FA32 /* proxy.cc */ = {isa = PBXFileReference; fileEncoding = 4; lastKnownFileType = sourcecode.cpp.cpp; path = proxy.cc; sourceTree = "<group>"; };
		B8B6EC4D244616AF0008FA32 /* get_focused_window.h */ = {isa = PBXFileReference; fileEncoding = 4; lastKnownFileType = sourcecode.c.h; path = get_focused_window.h; sourceTree = "<group>"; };
		B8B6EC4E244616AF0008FA32 /* netconf.cc */ = {isa = PBXFileReference; fileEncoding = 4; lastKnownFileType = sourcecode.cpp.cpp; path = netconf.cc; sourceTree = "<group>"; };
		B8B6EC4F244616B00008FA32 /* toggl_api_private.h */ = {isa = PBXFileReference; fileEncoding = 4; lastKnownFileType = sourcecode.c.h; path = toggl_api_private.h; sourceTree = "<group>"; };
		B8B6EC50244616B00008FA32 /* toggl_api.cc */ = {isa = PBXFileReference; fileEncoding = 4; lastKnownFileType = sourcecode.cpp.cpp; path = toggl_api.cc; sourceTree = "<group>"; };
		B8B6EC51244616B00008FA32 /* analytics.cc */ = {isa = PBXFileReference; fileEncoding = 4; lastKnownFileType = sourcecode.cpp.cpp; path = analytics.cc; sourceTree = "<group>"; };
		B8B6EC52244616B00008FA32 /* https_client.h */ = {isa = PBXFileReference; fileEncoding = 4; lastKnownFileType = sourcecode.c.h; path = https_client.h; sourceTree = "<group>"; };
		B8B6EC53244616B00008FA32 /* feedback.cc */ = {isa = PBXFileReference; fileEncoding = 4; lastKnownFileType = sourcecode.cpp.cpp; path = feedback.cc; sourceTree = "<group>"; };
		B8B6EC55244616B00008FA32 /* timeline_uploader.cc */ = {isa = PBXFileReference; fileEncoding = 4; lastKnownFileType = sourcecode.cpp.cpp; path = timeline_uploader.cc; sourceTree = "<group>"; };
		B8B6EC56244616B00008FA32 /* error.cc */ = {isa = PBXFileReference; fileEncoding = 4; lastKnownFileType = sourcecode.cpp.cpp; path = error.cc; sourceTree = "<group>"; };
		B8B6EC57244616B00008FA32 /* urls.cc */ = {isa = PBXFileReference; fileEncoding = 4; lastKnownFileType = sourcecode.cpp.cpp; path = urls.cc; sourceTree = "<group>"; };
		B8B6EC58244616B00008FA32 /* related_data.h */ = {isa = PBXFileReference; fileEncoding = 4; lastKnownFileType = sourcecode.c.h; path = related_data.h; sourceTree = "<group>"; };
		B8B6EC59244616B00008FA32 /* error.h */ = {isa = PBXFileReference; fileEncoding = 4; lastKnownFileType = sourcecode.c.h; path = error.h; sourceTree = "<group>"; };
		B8B6EC5A244616B00008FA32 /* help_article.cc */ = {isa = PBXFileReference; fileEncoding = 4; lastKnownFileType = sourcecode.cpp.cpp; path = help_article.cc; sourceTree = "<group>"; };
		B8B6EC5B244616B00008FA32 /* idle.h */ = {isa = PBXFileReference; fileEncoding = 4; lastKnownFileType = sourcecode.c.h; path = idle.h; sourceTree = "<group>"; };
		B8B6EC5C244616B10008FA32 /* batch_update_result.cc */ = {isa = PBXFileReference; fileEncoding = 4; lastKnownFileType = sourcecode.cpp.cpp; path = batch_update_result.cc; sourceTree = "<group>"; };
		B8B6EC5D244616B10008FA32 /* window_change_recorder.h */ = {isa = PBXFileReference; fileEncoding = 4; lastKnownFileType = sourcecode.c.h; path = window_change_recorder.h; sourceTree = "<group>"; };
		B8B6EC5E244616B10008FA32 /* const.h */ = {isa = PBXFileReference; fileEncoding = 4; lastKnownFileType = sourcecode.c.h; path = const.h; sourceTree = "<group>"; };
		B8B6EC5F244616B10008FA32 /* window_change_recorder.cc */ = {isa = PBXFileReference; fileEncoding = 4; lastKnownFileType = sourcecode.cpp.cpp; path = window_change_recorder.cc; sourceTree = "<group>"; };
		B8B6EC60244616B10008FA32 /* https_client.cc */ = {isa = PBXFileReference; fileEncoding = 4; lastKnownFileType = sourcecode.cpp.cpp; path = https_client.cc; sourceTree = "<group>"; };
		B8B6EC61244616B10008FA32 /* gui.cc */ = {isa = PBXFileReference; fileEncoding = 4; lastKnownFileType = sourcecode.cpp.cpp; path = gui.cc; sourceTree = "<group>"; };
		B8B6EC62244616B10008FA32 /* idle.cc */ = {isa = PBXFileReference; fileEncoding = 4; lastKnownFileType = sourcecode.cpp.cpp; path = idle.cc; sourceTree = "<group>"; };
		B8B6EC63244616B10008FA32 /* gui.h */ = {isa = PBXFileReference; fileEncoding = 4; lastKnownFileType = sourcecode.c.h; path = gui.h; sourceTree = "<group>"; };
		B8B6EC64244616B10008FA32 /* context.cc */ = {isa = PBXFileReference; fileEncoding = 4; lastKnownFileType = sourcecode.cpp.cpp; path = context.cc; sourceTree = "<group>"; };
		B8B6EC96244616FF0008FA32 /* project.h */ = {isa = PBXFileReference; fileEncoding = 4; lastKnownFileType = sourcecode.c.h; path = project.h; sourceTree = "<group>"; };
		B8B6EC97244616FF0008FA32 /* settings.cc */ = {isa = PBXFileReference; fileEncoding = 4; lastKnownFileType = sourcecode.cpp.cpp; path = settings.cc; sourceTree = "<group>"; };
		B8B6EC98244616FF0008FA32 /* obm_action.cc */ = {isa = PBXFileReference; fileEncoding = 4; lastKnownFileType = sourcecode.cpp.cpp; path = obm_action.cc; sourceTree = "<group>"; };
		B8B6EC99244616FF0008FA32 /* project.cc */ = {isa = PBXFileReference; fileEncoding = 4; lastKnownFileType = sourcecode.cpp.cpp; path = project.cc; sourceTree = "<group>"; };
		B8B6EC9A244616FF0008FA32 /* tag.h */ = {isa = PBXFileReference; fileEncoding = 4; lastKnownFileType = sourcecode.c.h; path = tag.h; sourceTree = "<group>"; };
		B8B6EC9B244616FF0008FA32 /* task.h */ = {isa = PBXFileReference; fileEncoding = 4; lastKnownFileType = sourcecode.c.h; path = task.h; sourceTree = "<group>"; };
		B8B6EC9C244616FF0008FA32 /* tag.cc */ = {isa = PBXFileReference; fileEncoding = 4; lastKnownFileType = sourcecode.cpp.cpp; path = tag.cc; sourceTree = "<group>"; };
		B8B6EC9D244616FF0008FA32 /* timeline_event.h */ = {isa = PBXFileReference; fileEncoding = 4; lastKnownFileType = sourcecode.c.h; path = timeline_event.h; sourceTree = "<group>"; };
		B8B6EC9E244616FF0008FA32 /* user.cc */ = {isa = PBXFileReference; fileEncoding = 4; lastKnownFileType = sourcecode.cpp.cpp; path = user.cc; sourceTree = "<group>"; };
		B8B6EC9F244616FF0008FA32 /* time_entry.cc */ = {isa = PBXFileReference; fileEncoding = 4; lastKnownFileType = sourcecode.cpp.cpp; path = time_entry.cc; sourceTree = "<group>"; };
		B8B6ECA0244616FF0008FA32 /* user.h */ = {isa = PBXFileReference; fileEncoding = 4; lastKnownFileType = sourcecode.c.h; path = user.h; sourceTree = "<group>"; };
		B8B6ECA1244617000008FA32 /* client.cc */ = {isa = PBXFileReference; fileEncoding = 4; lastKnownFileType = sourcecode.cpp.cpp; path = client.cc; sourceTree = "<group>"; };
		B8B6ECA2244617000008FA32 /* obm_action.h */ = {isa = PBXFileReference; fileEncoding = 4; lastKnownFileType = sourcecode.c.h; path = obm_action.h; sourceTree = "<group>"; };
		B8B6ECA3244617000008FA32 /* workspace.cc */ = {isa = PBXFileReference; fileEncoding = 4; lastKnownFileType = sourcecode.cpp.cpp; path = workspace.cc; sourceTree = "<group>"; };
		B8B6ECA4244617000008FA32 /* autotracker.h */ = {isa = PBXFileReference; fileEncoding = 4; lastKnownFileType = sourcecode.c.h; path = autotracker.h; sourceTree = "<group>"; };
		B8B6ECA5244617000008FA32 /* autotracker.cc */ = {isa = PBXFileReference; fileEncoding = 4; lastKnownFileType = sourcecode.cpp.cpp; path = autotracker.cc; sourceTree = "<group>"; };
		B8B6ECA6244617000008FA32 /* base_model.h */ = {isa = PBXFileReference; fileEncoding = 4; lastKnownFileType = sourcecode.c.h; path = base_model.h; sourceTree = "<group>"; };
		B8B6ECA7244617000008FA32 /* settings.h */ = {isa = PBXFileReference; fileEncoding = 4; lastKnownFileType = sourcecode.c.h; path = settings.h; sourceTree = "<group>"; };
		B8B6ECA8244617000008FA32 /* task.cc */ = {isa = PBXFileReference; fileEncoding = 4; lastKnownFileType = sourcecode.cpp.cpp; path = task.cc; sourceTree = "<group>"; };
		B8B6ECA9244617000008FA32 /* timeline_event.cc */ = {isa = PBXFileReference; fileEncoding = 4; lastKnownFileType = sourcecode.cpp.cpp; path = timeline_event.cc; sourceTree = "<group>"; };
		B8B6ECAA244617000008FA32 /* base_model.cc */ = {isa = PBXFileReference; fileEncoding = 4; lastKnownFileType = sourcecode.cpp.cpp; path = base_model.cc; sourceTree = "<group>"; };
		B8B6ECAB244617000008FA32 /* workspace.h */ = {isa = PBXFileReference; fileEncoding = 4; lastKnownFileType = sourcecode.c.h; path = workspace.h; sourceTree = "<group>"; };
		B8B6ECAC244617000008FA32 /* time_entry.h */ = {isa = PBXFileReference; fileEncoding = 4; lastKnownFileType = sourcecode.c.h; path = time_entry.h; sourceTree = "<group>"; };
		B8B6ECAD244617000008FA32 /* client.h */ = {isa = PBXFileReference; fileEncoding = 4; lastKnownFileType = sourcecode.c.h; path = client.h; sourceTree = "<group>"; };
		B8B6ECC62446170C0008FA32 /* logger.h */ = {isa = PBXFileReference; fileEncoding = 4; lastKnownFileType = sourcecode.c.h; path = logger.h; sourceTree = "<group>"; };
		B8B6ECC72446170C0008FA32 /* rectangle.h */ = {isa = PBXFileReference; fileEncoding = 4; lastKnownFileType = sourcecode.c.h; path = rectangle.h; sourceTree = "<group>"; };
		B8B6ECC82446170C0008FA32 /* custom_error_handler.h */ = {isa = PBXFileReference; fileEncoding = 4; lastKnownFileType = sourcecode.c.h; path = custom_error_handler.h; sourceTree = "<group>"; };
		B8B6ECC92446170C0008FA32 /* formatter.h */ = {isa = PBXFileReference; fileEncoding = 4; lastKnownFileType = sourcecode.c.h; path = formatter.h; sourceTree = "<group>"; };
		B8B6ECCA2446170C0008FA32 /* formatter.cc */ = {isa = PBXFileReference; fileEncoding = 4; lastKnownFileType = sourcecode.cpp.cpp; path = formatter.cc; sourceTree = "<group>"; };
		B8B6ECCB2446170C0008FA32 /* random.h */ = {isa = PBXFileReference; fileEncoding = 4; lastKnownFileType = sourcecode.c.h; path = random.h; sourceTree = "<group>"; };
		B8B6ECCC2446170C0008FA32 /* rectangle.cc */ = {isa = PBXFileReference; fileEncoding = 4; lastKnownFileType = sourcecode.cpp.cpp; path = rectangle.cc; sourceTree = "<group>"; };
		B8B6ECCD2446170C0008FA32 /* random.cc */ = {isa = PBXFileReference; fileEncoding = 4; lastKnownFileType = sourcecode.cpp.cpp; path = random.cc; sourceTree = "<group>"; };
		B8B6ECCE2446170C0008FA32 /* custom_error_handler.cc */ = {isa = PBXFileReference; fileEncoding = 4; lastKnownFileType = sourcecode.cpp.cpp; path = custom_error_handler.cc; sourceTree = "<group>"; };
		B8B6ECCF2446170C0008FA32 /* logger.cc */ = {isa = PBXFileReference; fileEncoding = 4; lastKnownFileType = sourcecode.cpp.cpp; path = logger.cc; sourceTree = "<group>"; };
		B8B6ECDB2446173A0008FA32 /* database.cc */ = {isa = PBXFileReference; fileEncoding = 4; lastKnownFileType = sourcecode.cpp.cpp; path = database.cc; sourceTree = "<group>"; };
		B8B6ECDC2446173A0008FA32 /* migrations.cc */ = {isa = PBXFileReference; fileEncoding = 4; lastKnownFileType = sourcecode.cpp.cpp; path = migrations.cc; sourceTree = "<group>"; };
		B8B6ECDD2446173A0008FA32 /* migrations.h */ = {isa = PBXFileReference; fileEncoding = 4; lastKnownFileType = sourcecode.c.h; path = migrations.h; sourceTree = "<group>"; };
		B8B6ECDE2446173A0008FA32 /* database.h */ = {isa = PBXFileReference; fileEncoding = 4; lastKnownFileType = sourcecode.c.h; path = database.h; sourceTree = "<group>"; };
		B8B6ECED244629240008FA32 /* jsoncpp.cpp */ = {isa = PBXFileReference; fileEncoding = 4; lastKnownFileType = sourcecode.cpp.cpp; name = jsoncpp.cpp; path = ../../../third_party/jsoncpp/dist/jsoncpp.cpp; sourceTree = "<group>"; };
		BA1AB53D235DEAD4000433AE /* MacOSVersionChecker.mm */ = {isa = PBXFileReference; lastKnownFileType = sourcecode.cpp.objcpp; name = MacOSVersionChecker.mm; path = lib/osx/Kopsik/MacOSVersionChecker.mm; sourceTree = "<group>"; };
		BA43B31E23F680B00007DD99 /* libPocoCrypto.60.dylib */ = {isa = PBXFileReference; lastKnownFileType = "compiled.mach-o.dylib"; name = libPocoCrypto.60.dylib; path = ../../ui/osx/TogglDesktop/Library/poco/libPocoCrypto.60.dylib; sourceTree = "<group>"; };
		BA43B31F23F680B00007DD99 /* libPocoData.60.dylib */ = {isa = PBXFileReference; lastKnownFileType = "compiled.mach-o.dylib"; name = libPocoData.60.dylib; path = ../../ui/osx/TogglDesktop/Library/poco/libPocoData.60.dylib; sourceTree = "<group>"; };
		BA43B32023F680B00007DD99 /* libPocoDataSQLite.60.dylib */ = {isa = PBXFileReference; lastKnownFileType = "compiled.mach-o.dylib"; name = libPocoDataSQLite.60.dylib; path = ../../ui/osx/TogglDesktop/Library/poco/libPocoDataSQLite.60.dylib; sourceTree = "<group>"; };
		BA43B32123F680B00007DD99 /* libPocoFoundation.60.dylib */ = {isa = PBXFileReference; lastKnownFileType = "compiled.mach-o.dylib"; name = libPocoFoundation.60.dylib; path = ../../ui/osx/TogglDesktop/Library/poco/libPocoFoundation.60.dylib; sourceTree = "<group>"; };
		BA43B32223F680B00007DD99 /* libPocoJSON.60.dylib */ = {isa = PBXFileReference; lastKnownFileType = "compiled.mach-o.dylib"; name = libPocoJSON.60.dylib; path = ../../ui/osx/TogglDesktop/Library/poco/libPocoJSON.60.dylib; sourceTree = "<group>"; };
		BA43B32323F680B00007DD99 /* libPocoNet.60.dylib */ = {isa = PBXFileReference; lastKnownFileType = "compiled.mach-o.dylib"; name = libPocoNet.60.dylib; path = ../../ui/osx/TogglDesktop/Library/poco/libPocoNet.60.dylib; sourceTree = "<group>"; };
		BA43B32423F680B00007DD99 /* libPocoNetSSL.60.dylib */ = {isa = PBXFileReference; lastKnownFileType = "compiled.mach-o.dylib"; name = libPocoNetSSL.60.dylib; path = ../../ui/osx/TogglDesktop/Library/poco/libPocoNetSSL.60.dylib; sourceTree = "<group>"; };
		BA43B32523F680B00007DD99 /* libPocoUtil.60.dylib */ = {isa = PBXFileReference; lastKnownFileType = "compiled.mach-o.dylib"; name = libPocoUtil.60.dylib; path = ../../ui/osx/TogglDesktop/Library/poco/libPocoUtil.60.dylib; sourceTree = "<group>"; };
		BA43B32623F680B00007DD99 /* libPocoXML.60.dylib */ = {isa = PBXFileReference; lastKnownFileType = "compiled.mach-o.dylib"; name = libPocoXML.60.dylib; path = ../../ui/osx/TogglDesktop/Library/poco/libPocoXML.60.dylib; sourceTree = "<group>"; };
		BA43B34B23F681CF0007DD99 /* libcrypto.a */ = {isa = PBXFileReference; lastKnownFileType = archive.ar; name = libcrypto.a; path = ../../ui/osx/TogglDesktop/Library/openssl/libcrypto.a; sourceTree = "<group>"; };
		BA43B34C23F681CF0007DD99 /* libssl.a */ = {isa = PBXFileReference; lastKnownFileType = archive.ar; name = libssl.a; path = ../../ui/osx/TogglDesktop/Library/openssl/libssl.a; sourceTree = "<group>"; };
		BA43B34F23F681D60007DD99 /* liblua.a */ = {isa = PBXFileReference; lastKnownFileType = archive.ar; name = liblua.a; path = ../../ui/osx/TogglDesktop/Library/lua/liblua.a; sourceTree = "<group>"; };
		BAA8422E2403DAE000BCCB67 /* libcrypto.1.1.dylib */ = {isa = PBXFileReference; lastKnownFileType = "compiled.mach-o.dylib"; name = libcrypto.1.1.dylib; path = ../../ui/osx/TogglDesktop/Library/openssl/libcrypto.1.1.dylib; sourceTree = "<group>"; };
		BAA8422F2403DAE000BCCB67 /* libssl.1.1.dylib */ = {isa = PBXFileReference; lastKnownFileType = "compiled.mach-o.dylib"; name = libssl.1.1.dylib; path = ../../ui/osx/TogglDesktop/Library/openssl/libssl.1.1.dylib; sourceTree = "<group>"; };
		BAD233DA21D60A4D0039C742 /* libPocoNet.dylib */ = {isa = PBXFileReference; lastKnownFileType = "compiled.mach-o.dylib"; name = libPocoNet.dylib; path = ../../../third_party/poco/lib/Darwin/x86_64/libPocoNet.dylib; sourceTree = "<group>"; };
		BAD233DB21D60A4D0039C742 /* libPocoFoundation.dylib */ = {isa = PBXFileReference; lastKnownFileType = "compiled.mach-o.dylib"; name = libPocoFoundation.dylib; path = ../../../third_party/poco/lib/Darwin/x86_64/libPocoFoundation.dylib; sourceTree = "<group>"; };
		BAD233DC21D60A4D0039C742 /* libPocoUtil.dylib */ = {isa = PBXFileReference; lastKnownFileType = "compiled.mach-o.dylib"; name = libPocoUtil.dylib; path = ../../../third_party/poco/lib/Darwin/x86_64/libPocoUtil.dylib; sourceTree = "<group>"; };
		BAD233DD21D60A4D0039C742 /* libPocoData.dylib */ = {isa = PBXFileReference; lastKnownFileType = "compiled.mach-o.dylib"; name = libPocoData.dylib; path = ../../../third_party/poco/lib/Darwin/x86_64/libPocoData.dylib; sourceTree = "<group>"; };
		BAD233DE21D60A4D0039C742 /* libPocoCrypto.dylib */ = {isa = PBXFileReference; lastKnownFileType = "compiled.mach-o.dylib"; name = libPocoCrypto.dylib; path = ../../../third_party/poco/lib/Darwin/x86_64/libPocoCrypto.dylib; sourceTree = "<group>"; };
		BAD233DF21D60A4D0039C742 /* libPocoJSON.dylib */ = {isa = PBXFileReference; lastKnownFileType = "compiled.mach-o.dylib"; name = libPocoJSON.dylib; path = ../../../third_party/poco/lib/Darwin/x86_64/libPocoJSON.dylib; sourceTree = "<group>"; };
		BAD233E021D60A4D0039C742 /* libPocoDataSQLite.dylib */ = {isa = PBXFileReference; lastKnownFileType = "compiled.mach-o.dylib"; name = libPocoDataSQLite.dylib; path = ../../../third_party/poco/lib/Darwin/x86_64/libPocoDataSQLite.dylib; sourceTree = "<group>"; };
		BAD233E121D60A4D0039C742 /* libPocoNetSSL.dylib */ = {isa = PBXFileReference; lastKnownFileType = "compiled.mach-o.dylib"; name = libPocoNetSSL.dylib; path = ../../../third_party/poco/lib/Darwin/x86_64/libPocoNetSSL.dylib; sourceTree = "<group>"; };
		BAD233E221D60A4D0039C742 /* libPocoXML.dylib */ = {isa = PBXFileReference; lastKnownFileType = "compiled.mach-o.dylib"; name = libPocoXML.dylib; path = ../../../third_party/poco/lib/Darwin/x86_64/libPocoXML.dylib; sourceTree = "<group>"; };
		C55DA59C17F06A3B00B42178 /* TogglDesktopLibrary.dylib */ = {isa = PBXFileReference; explicitFileType = "compiled.mach-o.dylib"; includeInIndex = 0; path = TogglDesktopLibrary.dylib; sourceTree = BUILT_PRODUCTS_DIR; };
		C55DA5A017F06A3B00B42178 /* Kopsik-Prefix.pch */ = {isa = PBXFileReference; lastKnownFileType = sourcecode.c.h; name = "Kopsik-Prefix.pch"; path = "lib/osx/Kopsik/Kopsik-Prefix.pch"; sourceTree = "<group>"; };
		C55DA5A117F06A3B00B42178 /* KopsikProj.xcconfig */ = {isa = PBXFileReference; lastKnownFileType = text.xcconfig; name = KopsikProj.xcconfig; path = lib/osx/Kopsik/KopsikProj.xcconfig; sourceTree = "<group>"; };
		C55DA5A217F06A3B00B42178 /* KopsikTarget.xcconfig */ = {isa = PBXFileReference; lastKnownFileType = text.xcconfig; name = KopsikTarget.xcconfig; path = lib/osx/Kopsik/KopsikTarget.xcconfig; sourceTree = "<group>"; };
/* End PBXFileReference section */

/* Begin PBXFrameworksBuildPhase section */
		C55DA59917F06A3B00B42178 /* Frameworks */ = {
			isa = PBXFrameworksBuildPhase;
			buildActionMask = 2147483647;
			files = (
				BA43B33723F680B00007DD99 /* libPocoXML.60.dylib in Frameworks */,
				BA43B32D23F680B00007DD99 /* libPocoFoundation.60.dylib in Frameworks */,
				74CAAD0318185A9B001B77BB /* Carbon.framework in Frameworks */,
				BAA842302403DAE000BCCB67 /* libcrypto.1.1.dylib in Frameworks */,
				BA43B32923F680B00007DD99 /* libPocoData.60.dylib in Frameworks */,
				74AA947A18091AE10000539F /* WebKit.framework in Frameworks */,
				BA43B32B23F680B00007DD99 /* libPocoDataSQLite.60.dylib in Frameworks */,
				BA43B32F23F680B00007DD99 /* libPocoJSON.60.dylib in Frameworks */,
				BA43B33323F680B00007DD99 /* libPocoNetSSL.60.dylib in Frameworks */,
				BA43B32723F680B00007DD99 /* libPocoCrypto.60.dylib in Frameworks */,
				BAA842322403DAE000BCCB67 /* libssl.1.1.dylib in Frameworks */,
				BA43B33523F680B00007DD99 /* libPocoUtil.60.dylib in Frameworks */,
				BA43B33123F680B00007DD99 /* libPocoNet.60.dylib in Frameworks */,
			);
			runOnlyForDeploymentPostprocessing = 0;
		};
/* End PBXFrameworksBuildPhase section */

/* Begin PBXGroup section */
		B8B6EC34244616040008FA32 /* util */ = {
			isa = PBXGroup;
			children = (
				B8B6ECCE2446170C0008FA32 /* custom_error_handler.cc */,
				B8B6ECC82446170C0008FA32 /* custom_error_handler.h */,
				B8B6ECCA2446170C0008FA32 /* formatter.cc */,
				B8B6ECC92446170C0008FA32 /* formatter.h */,
				B8B6ECCF2446170C0008FA32 /* logger.cc */,
				B8B6ECC62446170C0008FA32 /* logger.h */,
				B8B6ECCD2446170C0008FA32 /* random.cc */,
				B8B6ECCB2446170C0008FA32 /* random.h */,
				B8B6ECCC2446170C0008FA32 /* rectangle.cc */,
				B8B6ECC72446170C0008FA32 /* rectangle.h */,
			);
			path = util;
			sourceTree = "<group>";
		};
		B8B6EC95244616DA0008FA32 /* model */ = {
			isa = PBXGroup;
			children = (
				B8B6ECA5244617000008FA32 /* autotracker.cc */,
				B8B6ECA4244617000008FA32 /* autotracker.h */,
				B8B6ECAA244617000008FA32 /* base_model.cc */,
				B8B6ECA6244617000008FA32 /* base_model.h */,
				B8B6ECA1244617000008FA32 /* client.cc */,
				B8B6ECAD244617000008FA32 /* client.h */,
				B8B6EC98244616FF0008FA32 /* obm_action.cc */,
				B8B6ECA2244617000008FA32 /* obm_action.h */,
				B8B6EC99244616FF0008FA32 /* project.cc */,
				B8B6EC96244616FF0008FA32 /* project.h */,
				B8B6EC97244616FF0008FA32 /* settings.cc */,
				B8B6ECA7244617000008FA32 /* settings.h */,
				B8B6EC9C244616FF0008FA32 /* tag.cc */,
				B8B6EC9A244616FF0008FA32 /* tag.h */,
				B8B6ECA8244617000008FA32 /* task.cc */,
				B8B6EC9B244616FF0008FA32 /* task.h */,
				B8B6EC9F244616FF0008FA32 /* time_entry.cc */,
				B8B6ECAC244617000008FA32 /* time_entry.h */,
				B8B6ECA9244617000008FA32 /* timeline_event.cc */,
				B8B6EC9D244616FF0008FA32 /* timeline_event.h */,
				B8B6EC9E244616FF0008FA32 /* user.cc */,
				B8B6ECA0244616FF0008FA32 /* user.h */,
				B8B6ECA3244617000008FA32 /* workspace.cc */,
				B8B6ECAB244617000008FA32 /* workspace.h */,
			);
			path = model;
			sourceTree = "<group>";
		};
		B8B6ECDA244617230008FA32 /* database */ = {
			isa = PBXGroup;
			children = (
				B8B6ECDB2446173A0008FA32 /* database.cc */,
				B8B6ECDE2446173A0008FA32 /* database.h */,
				B8B6ECDC2446173A0008FA32 /* migrations.cc */,
				B8B6ECDD2446173A0008FA32 /* migrations.h */,
			);
			path = database;
			sourceTree = "<group>";
		};
		B8B6ECE6244628C70008FA32 /* json */ = {
			isa = PBXGroup;
			children = (
				B8B6ECED244629240008FA32 /* jsoncpp.cpp */,
			);
			name = json;
			sourceTree = "<group>";
		};
		BAD233D921D60A4D0039C742 /* Frameworks */ = {
			isa = PBXGroup;
			children = (
				BAD233DE21D60A4D0039C742 /* libPocoCrypto.dylib */,
				BA43B34F23F681D60007DD99 /* liblua.a */,
				BAA8422E2403DAE000BCCB67 /* libcrypto.1.1.dylib */,
				BAA8422F2403DAE000BCCB67 /* libssl.1.1.dylib */,
				BA43B34B23F681CF0007DD99 /* libcrypto.a */,
				BA43B34C23F681CF0007DD99 /* libssl.a */,
				BA43B31E23F680B00007DD99 /* libPocoCrypto.60.dylib */,
				BA43B31F23F680B00007DD99 /* libPocoData.60.dylib */,
				BA43B32023F680B00007DD99 /* libPocoDataSQLite.60.dylib */,
				BA43B32123F680B00007DD99 /* libPocoFoundation.60.dylib */,
				BA43B32223F680B00007DD99 /* libPocoJSON.60.dylib */,
				BA43B32323F680B00007DD99 /* libPocoNet.60.dylib */,
				BA43B32423F680B00007DD99 /* libPocoNetSSL.60.dylib */,
				BA43B32523F680B00007DD99 /* libPocoUtil.60.dylib */,
				BA43B32623F680B00007DD99 /* libPocoXML.60.dylib */,
				BAD233DD21D60A4D0039C742 /* libPocoData.dylib */,
				BAD233E021D60A4D0039C742 /* libPocoDataSQLite.dylib */,
				BAD233DB21D60A4D0039C742 /* libPocoFoundation.dylib */,
				BAD233DF21D60A4D0039C742 /* libPocoJSON.dylib */,
				BAD233DA21D60A4D0039C742 /* libPocoNet.dylib */,
				BAD233E121D60A4D0039C742 /* libPocoNetSSL.dylib */,
				BAD233DC21D60A4D0039C742 /* libPocoUtil.dylib */,
				BAD233E221D60A4D0039C742 /* libPocoXML.dylib */,
			);
			name = Frameworks;
			sourceTree = "<group>";
		};
		C55DA59317F06A3B00B42178 = {
			isa = PBXGroup;
			children = (
				B8B6ECE6244628C70008FA32 /* json */,
				74CAAD0218185A9B001B77BB /* Carbon.framework */,
				74AA947918091AE10000539F /* WebKit.framework */,
				C55DA59E17F06A3B00B42178 /* lib */,
				C55DA59D17F06A3B00B42178 /* Products */,
				BAD233D921D60A4D0039C742 /* Frameworks */,
			);
			sourceTree = "<group>";
		};
		C55DA59D17F06A3B00B42178 /* Products */ = {
			isa = PBXGroup;
			children = (
				C55DA59C17F06A3B00B42178 /* TogglDesktopLibrary.dylib */,
			);
			name = Products;
			sourceTree = "<group>";
		};
		C55DA59E17F06A3B00B42178 /* lib */ = {
			isa = PBXGroup;
			children = (
				B8B6ECDA244617230008FA32 /* database */,
				B8B6EC34244616040008FA32 /* util */,
				B8B6EC95244616DA0008FA32 /* model */,
				B8B6EC51244616B00008FA32 /* analytics.cc */,
				B8B6EC38244616AE0008FA32 /* analytics.h */,
				B8B6EC5C244616B10008FA32 /* batch_update_result.cc */,
				B8B6EC42244616AF0008FA32 /* batch_update_result.h */,
				B8B6EC5E244616B10008FA32 /* const.h */,
				B8B6EC64244616B10008FA32 /* context.cc */,
				B8B6EC47244616AF0008FA32 /* context.h */,
				B8B6EC56244616B00008FA32 /* error.cc */,
				B8B6EC59244616B00008FA32 /* error.h */,
				B8B6EC53244616B00008FA32 /* feedback.cc */,
				B8B6EC3B244616AE0008FA32 /* feedback.h */,
				B8B6EC3F244616AF0008FA32 /* get_focused_window_mac.cc */,
				B8B6EC4D244616AF0008FA32 /* get_focused_window.h */,
				B8B6EC61244616B10008FA32 /* gui.cc */,
				B8B6EC63244616B10008FA32 /* gui.h */,
				B8B6EC5A244616B00008FA32 /* help_article.cc */,
				B8B6EC45244616AF0008FA32 /* help_article.h */,
				B8B6EC60244616B10008FA32 /* https_client.cc */,
				B8B6EC52244616B00008FA32 /* https_client.h */,
				B8B6EC62244616B10008FA32 /* idle.cc */,
				B8B6EC5B244616B00008FA32 /* idle.h */,
				B8B6EC39244616AE0008FA32 /* model_change.cc */,
				B8B6EC3E244616AF0008FA32 /* model_change.h */,
				B8B6EC4E244616AF0008FA32 /* netconf.cc */,
				B8B6EC35244616AE0008FA32 /* netconf.h */,
				B8B6EC4B244616AF0008FA32 /* platforminfo.h */,
				B8B6EC4C244616AF0008FA32 /* proxy.cc */,
				B8B6EC44244616AF0008FA32 /* proxy.h */,
				B8B6EC4A244616AF0008FA32 /* related_data.cc */,
				B8B6EC58244616B00008FA32 /* related_data.h */,
				B8B6EC36244616AE0008FA32 /* timeline_notifications.h */,
				B8B6EC55244616B00008FA32 /* timeline_uploader.cc */,
				B8B6EC37244616AE0008FA32 /* timeline_uploader.h */,
				B8B6EC48244616AF0008FA32 /* toggl_api_private.cc */,
				B8B6EC4F244616B00008FA32 /* toggl_api_private.h */,
				B8B6EC50244616B00008FA32 /* toggl_api.cc */,
				B8B6EC3A244616AE0008FA32 /* toggl_api.h */,
				B8B6EC41244616AF0008FA32 /* types.h */,
				B8B6EC57244616B00008FA32 /* urls.cc */,
				B8B6EC43244616AF0008FA32 /* urls.h */,
				B8B6EC46244616AF0008FA32 /* websocket_client.cc */,
				B8B6EC49244616AF0008FA32 /* websocket_client.h */,
				B8B6EC5F244616B10008FA32 /* window_change_recorder.cc */,
				B8B6EC5D244616B10008FA32 /* window_change_recorder.h */,
				C55DA5A117F06A3B00B42178 /* KopsikProj.xcconfig */,
				C55DA5A217F06A3B00B42178 /* KopsikTarget.xcconfig */,
				C55DA59F17F06A3B00B42178 /* Supporting Files */,
				BA1AB53D235DEAD4000433AE /* MacOSVersionChecker.mm */,
			);
			name = lib;
			path = ../..;
			sourceTree = "<group>";
		};
		C55DA59F17F06A3B00B42178 /* Supporting Files */ = {
			isa = PBXGroup;
			children = (
				C55DA5A017F06A3B00B42178 /* Kopsik-Prefix.pch */,
			);
			name = "Supporting Files";
			sourceTree = "<group>";
		};
/* End PBXGroup section */

/* Begin PBXHeadersBuildPhase section */
		C55DA59A17F06A3B00B42178 /* Headers */ = {
			isa = PBXHeadersBuildPhase;
			buildActionMask = 2147483647;
			files = (
				B8B6ECC4244617000008FA32 /* time_entry.h in Headers */,
				B8B6EC92244616B10008FA32 /* gui.h in Headers */,
				B8B6ECD12446170D0008FA32 /* rectangle.h in Headers */,
				B8B6ECE12446173A0008FA32 /* migrations.h in Headers */,
				B8B6ECAE244617000008FA32 /* project.h in Headers */,
				B8B6ECBC244617000008FA32 /* autotracker.h in Headers */,
				B8B6EC87244616B10008FA32 /* related_data.h in Headers */,
				B8B6ECD02446170C0008FA32 /* logger.h in Headers */,
				B8B6ECB8244617000008FA32 /* user.h in Headers */,
				B8B6EC73244616B10008FA32 /* proxy.h in Headers */,
				B8B6EC78244616B10008FA32 /* websocket_client.h in Headers */,
				B8B6EC72244616B10008FA32 /* urls.h in Headers */,
				B8B6ECC5244617000008FA32 /* client.h in Headers */,
				B8B6EC71244616B10008FA32 /* batch_update_result.h in Headers */,
				B8B6ECBF244617000008FA32 /* settings.h in Headers */,
				B8B6EC66244616B10008FA32 /* timeline_notifications.h in Headers */,
				B8B6EC7A244616B10008FA32 /* platforminfo.h in Headers */,
				B8B6ECD22446170D0008FA32 /* custom_error_handler.h in Headers */,
				B8B6EC7E244616B10008FA32 /* toggl_api_private.h in Headers */,
				B8B6ECBA244617000008FA32 /* obm_action.h in Headers */,
				B8B6ECBE244617000008FA32 /* base_model.h in Headers */,
				B8B6EC68244616B10008FA32 /* analytics.h in Headers */,
				B8B6ECC3244617000008FA32 /* workspace.h in Headers */,
				B8B6EC70244616B10008FA32 /* types.h in Headers */,
				B8B6EC65244616B10008FA32 /* netconf.h in Headers */,
				B8B6EC7C244616B10008FA32 /* get_focused_window.h in Headers */,
				B8B6EC67244616B10008FA32 /* timeline_uploader.h in Headers */,
				B8B6EC76244616B10008FA32 /* context.h in Headers */,
				B8B6EC8C244616B10008FA32 /* window_change_recorder.h in Headers */,
				B8B6ECB3244617000008FA32 /* task.h in Headers */,
				B8B6ECD32446170D0008FA32 /* formatter.h in Headers */,
				B8B6ECE22446173A0008FA32 /* database.h in Headers */,
				B8B6EC74244616B10008FA32 /* help_article.h in Headers */,
				B8B6EC6A244616B10008FA32 /* toggl_api.h in Headers */,
				B8B6ECB2244617000008FA32 /* tag.h in Headers */,
				B8B6EC81244616B10008FA32 /* https_client.h in Headers */,
				B8B6ECB5244617000008FA32 /* timeline_event.h in Headers */,
				B8B6EC8A244616B10008FA32 /* idle.h in Headers */,
				B8B6ECD52446170D0008FA32 /* random.h in Headers */,
				B8B6EC6D244616B10008FA32 /* model_change.h in Headers */,
				B8B6EC6B244616B10008FA32 /* feedback.h in Headers */,
				B8B6EC88244616B10008FA32 /* error.h in Headers */,
				B8B6EC8D244616B10008FA32 /* const.h in Headers */,
			);
			runOnlyForDeploymentPostprocessing = 0;
		};
/* End PBXHeadersBuildPhase section */

/* Begin PBXNativeTarget section */
		C55DA59B17F06A3B00B42178 /* TogglDesktopLibrary */ = {
			isa = PBXNativeTarget;
			buildConfigurationList = C55DA5A917F06A3B00B42178 /* Build configuration list for PBXNativeTarget "TogglDesktopLibrary" */;
			buildPhases = (
				C55DA59817F06A3B00B42178 /* Sources */,
				C55DA59917F06A3B00B42178 /* Frameworks */,
				C55DA59A17F06A3B00B42178 /* Headers */,
				C5DA1FB317F19052001C4565 /* ShellScript */,
				BAA842212403D96100BCCB67 /* CopyFiles */,
			);
			buildRules = (
			);
			dependencies = (
			);
			name = TogglDesktopLibrary;
			productName = Kopsik;
			productReference = C55DA59C17F06A3B00B42178 /* TogglDesktopLibrary.dylib */;
			productType = "com.apple.product-type.library.dynamic";
		};
/* End PBXNativeTarget section */

/* Begin PBXProject section */
		C55DA59417F06A3B00B42178 /* Project object */ = {
			isa = PBXProject;
			attributes = {
				LastUpgradeCheck = 1020;
				ORGANIZATIONNAME = Toggl;
				TargetAttributes = {
					C55DA59B17F06A3B00B42178 = {
						DevelopmentTeam = B227VTMZ94;
						ProvisioningStyle = Automatic;
					};
				};
			};
			buildConfigurationList = C55DA59717F06A3B00B42178 /* Build configuration list for PBXProject "TogglDesktopLibrary" */;
			compatibilityVersion = "Xcode 3.2";
			developmentRegion = en;
			hasScannedForEncodings = 0;
			knownRegions = (
				en,
				Base,
			);
			mainGroup = C55DA59317F06A3B00B42178;
			productRefGroup = C55DA59D17F06A3B00B42178 /* Products */;
			projectDirPath = "";
			projectRoot = "";
			targets = (
				C55DA59B17F06A3B00B42178 /* TogglDesktopLibrary */,
			);
		};
/* End PBXProject section */

/* Begin PBXShellScriptBuildPhase section */
		C5DA1FB317F19052001C4565 /* ShellScript */ = {
			isa = PBXShellScriptBuildPhase;
			buildActionMask = 2147483647;
			files = (
			);
			inputPaths = (
			);
			outputPaths = (
			);
			runOnlyForDeploymentPostprocessing = 0;
			shellPath = /bin/sh;
			shellScript = "mkdir -p $PROJECT_DIR/build\ncp $BUILT_PRODUCTS_DIR/*.dylib $PROJECT_DIR/build\n";
		};
/* End PBXShellScriptBuildPhase section */

/* Begin PBXSourcesBuildPhase section */
		C55DA59817F06A3B00B42178 /* Sources */ = {
			isa = PBXSourcesBuildPhase;
			buildActionMask = 2147483647;
			files = (
				B8B6ECAF244617000008FA32 /* settings.cc in Sources */,
				B8B6ECD82446170D0008FA32 /* custom_error_handler.cc in Sources */,
				B8B6EC80244616B10008FA32 /* analytics.cc in Sources */,
				B8B6ECD42446170D0008FA32 /* formatter.cc in Sources */,
				B8B6ECEE244629240008FA32 /* jsoncpp.cpp in Sources */,
				B8B6EC77244616B10008FA32 /* toggl_api_private.cc in Sources */,
				B8B6ECB4244617000008FA32 /* tag.cc in Sources */,
				B8B6EC79244616B10008FA32 /* related_data.cc in Sources */,
				B8B6EC69244616B10008FA32 /* model_change.cc in Sources */,
				B8B6EC8B244616B10008FA32 /* batch_update_result.cc in Sources */,
				B8B6EC7D244616B10008FA32 /* netconf.cc in Sources */,
				B8B6EC6E244616B10008FA32 /* get_focused_window_mac.cc in Sources */,
				B8B6ECC1244617000008FA32 /* timeline_event.cc in Sources */,
				B8B6EC85244616B10008FA32 /* error.cc in Sources */,
				B8B6EC93244616B10008FA32 /* context.cc in Sources */,
				B8B6EC91244616B10008FA32 /* idle.cc in Sources */,
				B8B6EC7F244616B10008FA32 /* toggl_api.cc in Sources */,
				B8B6EC86244616B10008FA32 /* urls.cc in Sources */,
				B8B6ECC2244617000008FA32 /* base_model.cc in Sources */,
				B8B6ECD92446170D0008FA32 /* logger.cc in Sources */,
				B8B6ECD62446170D0008FA32 /* rectangle.cc in Sources */,
				B8B6EC90244616B10008FA32 /* gui.cc in Sources */,
				B8B6EC7B244616B10008FA32 /* proxy.cc in Sources */,
				B8B6ECB6244617000008FA32 /* user.cc in Sources */,
				B8B6EC89244616B10008FA32 /* help_article.cc in Sources */,
				B8B6ECBB244617000008FA32 /* workspace.cc in Sources */,
				B8B6EC84244616B10008FA32 /* timeline_uploader.cc in Sources */,
				B8B6EC75244616B10008FA32 /* websocket_client.cc in Sources */,
				B8B6ECDF2446173A0008FA32 /* database.cc in Sources */,
				B8B6ECC0244617000008FA32 /* task.cc in Sources */,
				B8B6ECB0244617000008FA32 /* obm_action.cc in Sources */,
				B8B6ECE02446173A0008FA32 /* migrations.cc in Sources */,
				B8B6EC8F244616B10008FA32 /* https_client.cc in Sources */,
				B8B6ECB7244617000008FA32 /* time_entry.cc in Sources */,
				B8B6EC82244616B10008FA32 /* feedback.cc in Sources */,
				B8B6ECB9244617000008FA32 /* client.cc in Sources */,
				B8B6ECB1244617000008FA32 /* project.cc in Sources */,
				B8B6ECBD244617000008FA32 /* autotracker.cc in Sources */,
				B8B6EC8E244616B10008FA32 /* window_change_recorder.cc in Sources */,
				B8B6ECD72446170D0008FA32 /* random.cc in Sources */,
				BA1AB53E235DEAD4000433AE /* MacOSVersionChecker.mm in Sources */,
			);
			runOnlyForDeploymentPostprocessing = 0;
		};
/* End PBXSourcesBuildPhase section */

/* Begin XCBuildConfiguration section */
		C55DA5A717F06A3B00B42178 /* Debug */ = {
			isa = XCBuildConfiguration;
			buildSettings = {
				ALWAYS_SEARCH_USER_PATHS = NO;
				CLANG_ANALYZER_LOCALIZABILITY_NONLOCALIZED = YES;
				CLANG_CXX_LANGUAGE_STANDARD = "gnu++0x";
				CLANG_CXX_LIBRARY = "libc++";
				CLANG_ENABLE_OBJC_ARC = YES;
				CLANG_WARN_BLOCK_CAPTURE_AUTORELEASING = YES;
				CLANG_WARN_BOOL_CONVERSION = YES;
				CLANG_WARN_COMMA = YES;
				CLANG_WARN_CONSTANT_CONVERSION = YES;
				CLANG_WARN_DEPRECATED_OBJC_IMPLEMENTATIONS = YES;
				CLANG_WARN_DIRECT_OBJC_ISA_USAGE = YES_ERROR;
				CLANG_WARN_EMPTY_BODY = YES;
				CLANG_WARN_ENUM_CONVERSION = YES;
				CLANG_WARN_INFINITE_RECURSION = YES;
				CLANG_WARN_INT_CONVERSION = YES;
				CLANG_WARN_NON_LITERAL_NULL_CONVERSION = YES;
				CLANG_WARN_OBJC_IMPLICIT_RETAIN_SELF = YES;
				CLANG_WARN_OBJC_LITERAL_CONVERSION = YES;
				CLANG_WARN_OBJC_ROOT_CLASS = YES_ERROR;
				CLANG_WARN_RANGE_LOOP_ANALYSIS = YES;
				CLANG_WARN_STRICT_PROTOTYPES = YES;
				CLANG_WARN_SUSPICIOUS_MOVE = YES;
				CLANG_WARN_UNREACHABLE_CODE = YES;
				CLANG_WARN__DUPLICATE_METHOD_MATCH = YES;
				COPY_PHASE_STRIP = NO;
				ENABLE_STRICT_OBJC_MSGSEND = YES;
				ENABLE_TESTABILITY = YES;
				GCC_C_LANGUAGE_STANDARD = gnu99;
				GCC_DYNAMIC_NO_PIC = NO;
				GCC_ENABLE_OBJC_EXCEPTIONS = YES;
				GCC_NO_COMMON_BLOCKS = YES;
				GCC_OPTIMIZATION_LEVEL = 0;
				GCC_PREPROCESSOR_DEFINITIONS = (
					"DEBUG=1",
					"$(inherited)",
				);
				GCC_SYMBOLS_PRIVATE_EXTERN = NO;
				GCC_WARN_64_TO_32_BIT_CONVERSION = YES;
				GCC_WARN_ABOUT_RETURN_TYPE = YES_ERROR;
				GCC_WARN_UNDECLARED_SELECTOR = YES;
				GCC_WARN_UNINITIALIZED_AUTOS = YES;
				GCC_WARN_UNUSED_FUNCTION = YES;
				GCC_WARN_UNUSED_VARIABLE = YES;
				HEADER_SEARCH_PATHS = (
					"$(inherited)",
					/Applications/Xcode.app/Contents/Developer/Toolchains/XcodeDefault.xctoolchain/usr/include,
					Kopsik/third_party/kopsik/third_party/poco/Data/include/,
					Kopsik/third_party/kopsik/third_party/poco/Util/include/,
					Kopsik/third_party/kopsik/third_party/poco/Foundation/include/,
					Kopsik/third_party/kopsik/third_party/poco/Data/SQLite/include/,
					Kopsik/third_party/kopsik/third_party/poco/Net/include/,
					Kopsik/third_party/kopsik/third_party/poco/NetSSL_OpenSSL/include/,
					Kopsik/third_party/kopsik/third_party/poco/Crypto/include/,
					../../../third_party/openssl/include,
				);
				MACOSX_DEPLOYMENT_TARGET = 10.11;
				ONLY_ACTIVE_ARCH = YES;
				SDKROOT = macosx;
			};
			name = Debug;
		};
		C55DA5A817F06A3B00B42178 /* Release */ = {
			isa = XCBuildConfiguration;
			buildSettings = {
				ALWAYS_SEARCH_USER_PATHS = NO;
				CLANG_ANALYZER_LOCALIZABILITY_NONLOCALIZED = YES;
				CLANG_CXX_LANGUAGE_STANDARD = "gnu++0x";
				CLANG_CXX_LIBRARY = "libc++";
				CLANG_ENABLE_OBJC_ARC = YES;
				CLANG_WARN_BLOCK_CAPTURE_AUTORELEASING = YES;
				CLANG_WARN_BOOL_CONVERSION = YES;
				CLANG_WARN_COMMA = YES;
				CLANG_WARN_CONSTANT_CONVERSION = YES;
				CLANG_WARN_DEPRECATED_OBJC_IMPLEMENTATIONS = YES;
				CLANG_WARN_DIRECT_OBJC_ISA_USAGE = YES_ERROR;
				CLANG_WARN_EMPTY_BODY = YES;
				CLANG_WARN_ENUM_CONVERSION = YES;
				CLANG_WARN_INFINITE_RECURSION = YES;
				CLANG_WARN_INT_CONVERSION = YES;
				CLANG_WARN_NON_LITERAL_NULL_CONVERSION = YES;
				CLANG_WARN_OBJC_IMPLICIT_RETAIN_SELF = YES;
				CLANG_WARN_OBJC_LITERAL_CONVERSION = YES;
				CLANG_WARN_OBJC_ROOT_CLASS = YES_ERROR;
				CLANG_WARN_RANGE_LOOP_ANALYSIS = YES;
				CLANG_WARN_STRICT_PROTOTYPES = YES;
				CLANG_WARN_SUSPICIOUS_MOVE = YES;
				CLANG_WARN_UNREACHABLE_CODE = YES;
				CLANG_WARN__DUPLICATE_METHOD_MATCH = YES;
				COPY_PHASE_STRIP = YES;
				DEBUG_INFORMATION_FORMAT = "dwarf-with-dsym";
				ENABLE_NS_ASSERTIONS = NO;
				ENABLE_STRICT_OBJC_MSGSEND = YES;
				GCC_C_LANGUAGE_STANDARD = gnu99;
				GCC_ENABLE_OBJC_EXCEPTIONS = YES;
				GCC_NO_COMMON_BLOCKS = YES;
				GCC_WARN_64_TO_32_BIT_CONVERSION = YES;
				GCC_WARN_ABOUT_RETURN_TYPE = YES_ERROR;
				GCC_WARN_UNDECLARED_SELECTOR = YES;
				GCC_WARN_UNINITIALIZED_AUTOS = YES;
				GCC_WARN_UNUSED_FUNCTION = YES;
				GCC_WARN_UNUSED_VARIABLE = YES;
				HEADER_SEARCH_PATHS = (
					"$(inherited)",
					/Applications/Xcode.app/Contents/Developer/Toolchains/XcodeDefault.xctoolchain/usr/include,
					Kopsik/third_party/kopsik/third_party/poco/Data/include/,
					Kopsik/third_party/kopsik/third_party/poco/Util/include/,
					Kopsik/third_party/kopsik/third_party/poco/Foundation/include/,
					Kopsik/third_party/kopsik/third_party/poco/Data/SQLite/include/,
					Kopsik/third_party/kopsik/third_party/poco/Net/include/,
					Kopsik/third_party/kopsik/third_party/poco/NetSSL_OpenSSL/include/,
					Kopsik/third_party/kopsik/third_party/poco/Crypto/include/,
					../../../third_party/openssl/include,
				);
				MACOSX_DEPLOYMENT_TARGET = 10.11;
				SDKROOT = macosx;
			};
			name = Release;
		};
		C55DA5AA17F06A3B00B42178 /* Debug */ = {
			isa = XCBuildConfiguration;
			buildSettings = {
				CLANG_CXX_LANGUAGE_STANDARD = "c++0x";
				CLANG_CXX_LIBRARY = "compiler-default";
				CODE_SIGN_IDENTITY = "Mac Developer";
				CODE_SIGN_STYLE = Automatic;
				COMBINE_HIDPI_IMAGES = YES;
				DEVELOPMENT_TEAM = B227VTMZ94;
				GCC_NO_COMMON_BLOCKS = NO;
				GCC_PREPROCESSOR_DEFINITIONS = (
					"NDEBUG=1",
					"$(inherited)",
				);
				HEADER_SEARCH_PATHS = (
					"$(inherited)",
					../../ui/osx/TogglDesktop/Library/openssl/include,
					../../ui/osx/TogglDesktop/Library/poco/Data/include/,
					../../ui/osx/TogglDesktop/Library/poco/Util/include/,
					../../ui/osx/TogglDesktop/Library/poco/Foundation/include/,
					../../ui/osx/TogglDesktop/Library/poco/Data/SQLite/include/,
					../../ui/osx/TogglDesktop/Library/poco/Net/include/,
					../../ui/osx/TogglDesktop/Library/poco/NetSSL_OpenSSL/include/,
					../../ui/osx/TogglDesktop/Library/poco/Crypto/include/,
					../../ui/osx/TogglDesktop/Library/jsoncpp,
				);
				INSTALL_PATH = "@executable_path/../../Contents/Frameworks";
				LIBRARY_SEARCH_PATHS = (
					"$(inherited)",
					../../ui/osx/TogglDesktop/Library/poco/,
					../../ui/osx/TogglDesktop/Library/openssl/,
				);
				MACOSX_DEPLOYMENT_TARGET = 10.11;
				PRODUCT_NAME = TogglDesktopLibrary;
				PROVISIONING_PROFILE_SPECIFIER = "";
				STRIP_INSTALLED_PRODUCT = NO;
				USER_HEADER_SEARCH_PATHS = "../../model/** ../../**";
			};
			name = Debug;
		};
		C55DA5AB17F06A3B00B42178 /* Release */ = {
			isa = XCBuildConfiguration;
			buildSettings = {
				CLANG_CXX_LANGUAGE_STANDARD = "c++0x";
				CLANG_CXX_LIBRARY = "compiler-default";
				CODE_SIGN_IDENTITY = "Mac Developer";
				CODE_SIGN_STYLE = Automatic;
				COMBINE_HIDPI_IMAGES = YES;
				COPY_PHASE_STRIP = NO;
				DEVELOPMENT_TEAM = B227VTMZ94;
				GCC_NO_COMMON_BLOCKS = NO;
				GCC_PREPROCESSOR_DEFINITIONS = (
					"TOGGL_ALLOW_UPDATE_CHECK=1",
					"TOGGL_PRODUCTION_BUILD=1",
				);
				HEADER_SEARCH_PATHS = (
					"$(inherited)",
					../../ui/osx/TogglDesktop/Library/openssl/include,
					../../ui/osx/TogglDesktop/Library/poco/Data/include/,
					../../ui/osx/TogglDesktop/Library/poco/Util/include/,
					../../ui/osx/TogglDesktop/Library/poco/Foundation/include/,
					../../ui/osx/TogglDesktop/Library/poco/Data/SQLite/include/,
					../../ui/osx/TogglDesktop/Library/poco/Net/include/,
					../../ui/osx/TogglDesktop/Library/poco/NetSSL_OpenSSL/include/,
					../../ui/osx/TogglDesktop/Library/poco/Crypto/include/,
					../../ui/osx/TogglDesktop/Library/jsoncpp,
				);
				INSTALL_PATH = "@executable_path/../../Contents/Frameworks";
				LIBRARY_SEARCH_PATHS = (
					"$(inherited)",
					../../ui/osx/TogglDesktop/Library/poco/,
					../../ui/osx/TogglDesktop/Library/openssl/,
				);
				MACOSX_DEPLOYMENT_TARGET = 10.11;
				PRODUCT_NAME = TogglDesktopLibrary;
				PROVISIONING_PROFILE_SPECIFIER = "";
				STRIP_INSTALLED_PRODUCT = NO;
				USER_HEADER_SEARCH_PATHS = "../../model/** ../../**";
			};
			name = Release;
		};
/* End XCBuildConfiguration section */

/* Begin XCConfigurationList section */
		C55DA59717F06A3B00B42178 /* Build configuration list for PBXProject "TogglDesktopLibrary" */ = {
			isa = XCConfigurationList;
			buildConfigurations = (
				C55DA5A717F06A3B00B42178 /* Debug */,
				C55DA5A817F06A3B00B42178 /* Release */,
			);
			defaultConfigurationIsVisible = 0;
			defaultConfigurationName = Release;
		};
		C55DA5A917F06A3B00B42178 /* Build configuration list for PBXNativeTarget "TogglDesktopLibrary" */ = {
			isa = XCConfigurationList;
			buildConfigurations = (
				C55DA5AA17F06A3B00B42178 /* Debug */,
				C55DA5AB17F06A3B00B42178 /* Release */,
			);
			defaultConfigurationIsVisible = 0;
			defaultConfigurationName = Release;
		};
/* End XCConfigurationList section */
	};
	rootObject = C55DA59417F06A3B00B42178 /* Project object */;
}
