PODS:
  - AppAuth (1.3.1):
    - AppAuth/Core (= 1.3.1)
    - AppAuth/ExternalUserAgent (= 1.3.1)
  - AppAuth/Core (1.3.1)
  - AppAuth/ExternalUserAgent (1.3.1)
  - Bugsnag (5.23.5)
  - GTMAppAuth (1.0.0):
    - AppAuth/Core (~> 1.0)
    - GTMSessionFetcher (~> 1.1)
  - GTMSessionFetcher (1.4.0):
    - GTMSessionFetcher/Full (= 1.4.0)
  - GTMSessionFetcher/Core (1.4.0)
  - GTMSessionFetcher/Full (1.4.0):
    - GTMSessionFetcher/Core (= 1.4.0)
  - MASShortcut (2.4.0)
  - Sparkle (1.23.0)
  - SwiftLint (0.40.3)

DEPENDENCIES:
  - AppAuth (~> 1.3.0)
  - Bugsnag (~> 5.23.0)
  - GTMAppAuth (~> 1.0.0)
  - MASShortcut (~> 2.4.0)
  - Sparkle (~> 1.23.0)
  - SwiftLint (~> 0.40.0)

SPEC REPOS:
  trunk:
    - AppAuth
    - Bugsnag
    - GTMAppAuth
    - GTMSessionFetcher
    - MASShortcut
    - Sparkle
    - SwiftLint

SPEC CHECKSUMS:
  AppAuth: 8803ba1aec6d00d9afd30093f82e600307eaa6ea
  Bugsnag: 5c3f9d33e88c824a0038e1b14629045929182cbb
  GTMAppAuth: 4deac854479704f348309e7b66189e604cf5e01e
  GTMSessionFetcher: 6f5c8abbab8a9bce4bb3f057e317728ec6182b10
  MASShortcut: d9e4909e878661cc42877cc9d6efbe638273ab57
  Sparkle: 55b1a87ba69d56913375a281546b7c82dec95bb0
  SwiftLint: dfd554ff0dff17288ee574814ccdd5cea85d76f7

PODFILE CHECKSUM: 079b6b1d716844904f00e7333e0ec4930809b209

COCOAPODS: 1.10.0
