<?xml version="1.0" encoding="utf-8"?>
<Project ToolsVersion="4.0" xmlns="http://schemas.microsoft.com/developer/msbuild/2003">
  <ItemGroup>
    <Filter Include="Source Files">
      <UniqueIdentifier>{4FC737F1-C7A5-4376-A066-2A32D752A2FF}</UniqueIdentifier>
      <Extensions>cpp;c;cc;cxx;def;odl;idl;hpj;bat;asm;asmx</Extensions>
    </Filter>
    <Filter Include="Header Files">
      <UniqueIdentifier>{93995380-89BD-4b04-88EB-625FBE52EBFB}</UniqueIdentifier>
      <Extensions>h;hh;hpp;hxx;hm;inl;inc;xsd</Extensions>
    </Filter>
    <Filter Include="Resource Files">
      <UniqueIdentifier>{67DA6AB6-F800-4c08-8B7A-83BB121AAD01}</UniqueIdentifier>
      <Extensions>rc;ico;cur;bmp;dlg;rc2;rct;bin;rgs;gif;jpg;jpeg;jpe;resx;tiff;tif;png;wav;mfcribbon-ms</Extensions>
    </Filter>
    <Filter Include="Header Files\util">
      <UniqueIdentifier>{47869713-b83b-49b7-9ecc-323830cdfd9a}</UniqueIdentifier>
    </Filter>
    <Filter Include="Header Files\model">
      <UniqueIdentifier>{14cf0637-fe1c-4e96-b8ef-80e73f0e403b}</UniqueIdentifier>
    </Filter>
    <Filter Include="Header Files\lua">
      <UniqueIdentifier>{cf7d965d-3741-4e72-95da-20c316b1b958}</UniqueIdentifier>
    </Filter>
    <Filter Include="Source Files\util">
      <UniqueIdentifier>{79237961-63c3-4dcf-b0fb-46c7d441fe99}</UniqueIdentifier>
    </Filter>
    <Filter Include="Source Files\model">
      <UniqueIdentifier>{ed60ba8b-64ab-4696-a21f-5f250598ccad}</UniqueIdentifier>
    </Filter>
    <Filter Include="Source Files\lua">
      <UniqueIdentifier>{605756cf-c57b-4d96-9827-feff31ff1e35}</UniqueIdentifier>
    </Filter>
    <Filter Include="Header Files\database">
      <UniqueIdentifier>{ca0e9d72-6afc-449e-ba66-c6acc5f82577}</UniqueIdentifier>
    </Filter>
    <Filter Include="Source Files\database">
      <UniqueIdentifier>{56f6a37e-9f9c-486a-a353-b76927622170}</UniqueIdentifier>
    </Filter>
  </ItemGroup>
  <ItemGroup>
    <Text Include="ReadMe.txt" />
  </ItemGroup>
  <ItemGroup>
    <ClInclude Include="stdafx.h">
      <Filter>Header Files</Filter>
    </ClInclude>
    <ClInclude Include="targetver.h">
      <Filter>Header Files</Filter>
    </ClInclude>
    <ClInclude Include="..\..\..\batch_update_result.h">
      <Filter>Header Files</Filter>
    </ClInclude>
    <ClInclude Include="..\..\..\const.h">
      <Filter>Header Files</Filter>
    </ClInclude>
    <ClInclude Include="..\..\..\context.h">
      <Filter>Header Files</Filter>
    </ClInclude>
    <ClInclude Include="..\..\..\feedback.h">
      <Filter>Header Files</Filter>
    </ClInclude>
    <ClInclude Include="..\..\..\get_focused_window.h">
      <Filter>Header Files</Filter>
    </ClInclude>
    <ClInclude Include="..\..\..\https_client.h">
      <Filter>Header Files</Filter>
    </ClInclude>
    <ClInclude Include="..\..\..\toggl_api_private.h">
      <Filter>Header Files</Filter>
    </ClInclude>
    <ClInclude Include="..\..\..\proxy.h">
      <Filter>Header Files</Filter>
    </ClInclude>
    <ClInclude Include="..\..\..\related_data.h">
      <Filter>Header Files</Filter>
    </ClInclude>
    <ClInclude Include="..\..\..\timeline_notifications.h">
      <Filter>Header Files</Filter>
    </ClInclude>
    <ClInclude Include="..\..\..\timeline_uploader.h">
      <Filter>Header Files</Filter>
    </ClInclude>
    <ClInclude Include="..\..\..\types.h">
      <Filter>Header Files</Filter>
    </ClInclude>
    <ClInclude Include="..\..\..\websocket_client.h">
      <Filter>Header Files</Filter>
    </ClInclude>
    <ClInclude Include="..\..\..\window_change_recorder.h">
      <Filter>Header Files</Filter>
    </ClInclude>
    <ClInclude Include="..\..\..\gui.h">
      <Filter>Header Files</Filter>
    </ClInclude>
    <ClInclude Include="..\..\..\idle.h">
      <Filter>Header Files</Filter>
    </ClInclude>
    <ClInclude Include="..\..\..\error.h">
      <Filter>Header Files</Filter>
    </ClInclude>
    <ClInclude Include="..\..\..\analytics.h">
      <Filter>Header Files</Filter>
    </ClInclude>
    <ClInclude Include="..\..\..\netconf.h">
      <Filter>Header Files</Filter>
    </ClInclude>
    <ClInclude Include="..\..\..\urls.h">
      <Filter>Header Files</Filter>
    </ClInclude>
    <ClInclude Include="..\..\..\help_article.h">
      <Filter>Header Files</Filter>
    </ClInclude>
    <ClInclude Include="..\..\..\toggl_api.h">
      <Filter>Header Files</Filter>
    </ClInclude>
    <ClInclude Include="..\..\..\model\settings.h">
      <Filter>Header Files</Filter>
    </ClInclude>
    <ClInclude Include="..\..\..\model\tag.h">
      <Filter>Header Files</Filter>
    </ClInclude>
    <ClInclude Include="..\..\..\model\autotracker.h">
      <Filter>Header Files\model</Filter>
    </ClInclude>
    <ClInclude Include="..\..\..\model\base_model.h">
      <Filter>Header Files\model</Filter>
    </ClInclude>
    <ClInclude Include="..\..\..\model\client.h">
      <Filter>Header Files\model</Filter>
    </ClInclude>
    <ClInclude Include="..\..\..\..\third_party\lua\src\lapi.h">
      <Filter>Header Files\lua</Filter>
    </ClInclude>
    <ClInclude Include="..\..\..\..\third_party\lua\src\lauxlib.h">
      <Filter>Header Files\lua</Filter>
    </ClInclude>
    <ClInclude Include="..\..\..\..\third_party\lua\src\lcode.h">
      <Filter>Header Files\lua</Filter>
    </ClInclude>
    <ClInclude Include="..\..\..\..\third_party\lua\src\lctype.h">
      <Filter>Header Files\lua</Filter>
    </ClInclude>
    <ClInclude Include="..\..\..\..\third_party\lua\src\ldebug.h">
      <Filter>Header Files\lua</Filter>
    </ClInclude>
    <ClInclude Include="..\..\..\..\third_party\lua\src\ldo.h">
      <Filter>Header Files\lua</Filter>
    </ClInclude>
    <ClInclude Include="..\..\..\..\third_party\lua\src\lfunc.h">
      <Filter>Header Files\lua</Filter>
    </ClInclude>
    <ClInclude Include="..\..\..\..\third_party\lua\src\lgc.h">
      <Filter>Header Files\lua</Filter>
    </ClInclude>
    <ClInclude Include="..\..\..\..\third_party\lua\src\llex.h">
      <Filter>Header Files\lua</Filter>
    </ClInclude>
    <ClInclude Include="..\..\..\..\third_party\lua\src\llimits.h">
      <Filter>Header Files\lua</Filter>
    </ClInclude>
    <ClInclude Include="..\..\..\..\third_party\lua\src\lmem.h">
      <Filter>Header Files\lua</Filter>
    </ClInclude>
    <ClInclude Include="..\..\..\..\third_party\lua\src\lobject.h">
      <Filter>Header Files\lua</Filter>
    </ClInclude>
    <ClInclude Include="..\..\..\..\third_party\lua\src\lopcodes.h">
      <Filter>Header Files\lua</Filter>
    </ClInclude>
    <ClInclude Include="..\..\..\..\third_party\lua\src\lparser.h">
      <Filter>Header Files\lua</Filter>
    </ClInclude>
    <ClInclude Include="..\..\..\..\third_party\lua\src\lprefix.h">
      <Filter>Header Files\lua</Filter>
    </ClInclude>
    <ClInclude Include="..\..\..\..\third_party\lua\src\lstate.h">
      <Filter>Header Files\lua</Filter>
    </ClInclude>
    <ClInclude Include="..\..\..\..\third_party\lua\src\lstring.h">
      <Filter>Header Files\lua</Filter>
    </ClInclude>
    <ClInclude Include="..\..\..\..\third_party\lua\src\ltable.h">
      <Filter>Header Files\lua</Filter>
    </ClInclude>
    <ClInclude Include="..\..\..\..\third_party\lua\src\ltm.h">
      <Filter>Header Files\lua</Filter>
    </ClInclude>
    <ClInclude Include="..\..\..\..\third_party\lua\src\lua.h">
      <Filter>Header Files\lua</Filter>
    </ClInclude>
    <ClInclude Include="..\..\..\..\third_party\lua\src\lua.hpp">
      <Filter>Header Files\lua</Filter>
    </ClInclude>
    <ClInclude Include="..\..\..\..\third_party\lua\src\luaconf.h">
      <Filter>Header Files\lua</Filter>
    </ClInclude>
    <ClInclude Include="..\..\..\..\third_party\lua\src\lualib.h">
      <Filter>Header Files\lua</Filter>
    </ClInclude>
    <ClInclude Include="..\..\..\..\third_party\lua\src\lundump.h">
      <Filter>Header Files\lua</Filter>
    </ClInclude>
    <ClInclude Include="..\..\..\..\third_party\lua\src\lzio.h">
      <Filter>Header Files\lua</Filter>
    </ClInclude>
    <ClInclude Include="..\..\..\..\third_party\lua\src\lvm.h">
      <Filter>Header Files\lua</Filter>
    </ClInclude>
    <ClInclude Include="..\..\..\model\obm_action.h">
      <Filter>Header Files\model</Filter>
    </ClInclude>
    <ClInclude Include="..\..\..\model\project.h">
      <Filter>Header Files\model</Filter>
    </ClInclude>
    <ClInclude Include="..\..\..\util\custom_error_handler.h">
      <Filter>Header Files\util</Filter>
    </ClInclude>
    <ClInclude Include="..\..\..\util\formatter.h">
      <Filter>Header Files\util</Filter>
    </ClInclude>
    <ClInclude Include="..\..\..\util\logger.h">
      <Filter>Header Files\util</Filter>
    </ClInclude>
    <ClInclude Include="..\..\..\util\memory.h">
      <Filter>Header Files\util</Filter>
    </ClInclude>
    <ClInclude Include="..\..\..\util\memory_impl.h">
      <Filter>Header Files\util</Filter>
    </ClInclude>
    <ClInclude Include="..\..\..\util\random.h">
      <Filter>Header Files\util</Filter>
    </ClInclude>
    <ClInclude Include="..\..\..\util\rectangle.h">
      <Filter>Header Files\util</Filter>
    </ClInclude>
    <ClInclude Include="..\..\..\model\task.h">
      <Filter>Header Files\model</Filter>
    </ClInclude>
    <ClInclude Include="..\..\..\model\time_entry.h">
      <Filter>Header Files\model</Filter>
    </ClInclude>
    <ClInclude Include="..\..\..\model\user.h">
      <Filter>Header Files\model</Filter>
    </ClInclude>
    <ClInclude Include="..\..\..\model\workspace.h">
      <Filter>Header Files\model</Filter>
    </ClInclude>
    <ClInclude Include="..\..\..\model\timeline_event.h">
      <Filter>Header Files\model</Filter>
    </ClInclude>
    <ClInclude Include="..\..\..\..\third_party\luafar\ustring.h">
      <Filter>Header Files\lua</Filter>
    </ClInclude>
    <ClInclude Include="..\..\..\database.h">
      <Filter>Header Files\database</Filter>
    </ClInclude>
    <ClInclude Include="..\..\..\migrations.h">
      <Filter>Header Files\database</Filter>
    </ClInclude>
  </ItemGroup>
  <ItemGroup>
    <ClCompile Include="stdafx.cpp">
      <Filter>Source Files</Filter>
    </ClCompile>
    <ClCompile Include="dllmain.cpp">
      <Filter>Source Files</Filter>
    </ClCompile>
    <ClCompile Include="..\..\..\batch_update_result.cc">
      <Filter>Source Files</Filter>
    </ClCompile>
    <ClCompile Include="..\..\..\context.cc">
      <Filter>Source Files</Filter>
    </ClCompile>
    <ClCompile Include="..\..\..\feedback.cc">
      <Filter>Source Files</Filter>
    </ClCompile>
    <ClCompile Include="..\..\..\get_focused_window_windows.cc">
      <Filter>Source Files</Filter>
    </ClCompile>
    <ClCompile Include="..\..\..\https_client.cc">
      <Filter>Source Files</Filter>
    </ClCompile>
    <ClCompile Include="..\..\..\toggl_api.cc">
      <Filter>Source Files</Filter>
    </ClCompile>
    <ClCompile Include="..\..\..\toggl_api_private.cc">
      <Filter>Source Files</Filter>
    </ClCompile>
    <ClCompile Include="..\..\..\proxy.cc">
      <Filter>Source Files</Filter>
    </ClCompile>
    <ClCompile Include="..\..\..\related_data.cc">
      <Filter>Source Files</Filter>
    </ClCompile>
    <ClCompile Include="..\..\..\timeline_uploader.cc">
      <Filter>Source Files</Filter>
    </ClCompile>
    <ClCompile Include="..\..\..\websocket_client.cc">
      <Filter>Source Files</Filter>
    </ClCompile>
    <ClCompile Include="..\..\..\window_change_recorder.cc">
      <Filter>Source Files</Filter>
    </ClCompile>
    <ClCompile Include="..\..\..\gui.cc">
      <Filter>Source Files</Filter>
    </ClCompile>
    <ClCompile Include="..\..\..\..\third_party\jsoncpp\dist\jsoncpp.cpp">
      <Filter>Source Files</Filter>
    </ClCompile>
    <ClCompile Include="..\..\..\idle.cc">
      <Filter>Source Files</Filter>
    </ClCompile>
    <ClCompile Include="..\..\..\error.cc">
      <Filter>Source Files</Filter>
    </ClCompile>
    <ClCompile Include="..\..\..\analytics.cc">
      <Filter>Source Files</Filter>
    </ClCompile>
    <ClCompile Include="..\..\..\netconf.cc">
      <Filter>Source Files</Filter>
    </ClCompile>
    <ClCompile Include="..\..\..\urls.cc">
      <Filter>Source Files</Filter>
    </ClCompile>
    <ClCompile Include="..\..\..\help_article.cc">
      <Filter>Source Files</Filter>
    </ClCompile>
    <ClCompile Include="..\..\..\util\memory.cc">
      <Filter>Source Files</Filter>
    </ClCompile>
    <ClCompile Include="..\..\..\util\logger.cc">
      <Filter>Source Files</Filter>
    </ClCompile>
    <ClCompile Include="..\..\..\..\third_party\lua\src\lapi.c">
      <Filter>Source Files\lua</Filter>
    </ClCompile>
    <ClCompile Include="..\..\..\..\third_party\lua\src\lauxlib.c">
      <Filter>Source Files\lua</Filter>
    </ClCompile>
    <ClCompile Include="..\..\..\..\third_party\lua\src\lbaselib.c">
      <Filter>Source Files\lua</Filter>
    </ClCompile>
    <ClCompile Include="..\..\..\..\third_party\lua\src\lbitlib.c">
      <Filter>Source Files\lua</Filter>
    </ClCompile>
    <ClCompile Include="..\..\..\..\third_party\lua\src\lcode.c">
      <Filter>Source Files\lua</Filter>
    </ClCompile>
    <ClCompile Include="..\..\..\..\third_party\lua\src\lcorolib.c">
      <Filter>Source Files\lua</Filter>
    </ClCompile>
    <ClCompile Include="..\..\..\..\third_party\lua\src\lctype.c">
      <Filter>Source Files\lua</Filter>
    </ClCompile>
    <ClCompile Include="..\..\..\..\third_party\lua\src\ldblib.c">
      <Filter>Source Files\lua</Filter>
    </ClCompile>
    <ClCompile Include="..\..\..\..\third_party\lua\src\ldebug.c">
      <Filter>Source Files\lua</Filter>
    </ClCompile>
    <ClCompile Include="..\..\..\..\third_party\lua\src\ldo.c">
      <Filter>Source Files\lua</Filter>
    </ClCompile>
    <ClCompile Include="..\..\..\..\third_party\lua\src\ldump.c">
      <Filter>Source Files\lua</Filter>
    </ClCompile>
    <ClCompile Include="..\..\..\..\third_party\lua\src\lfunc.c">
      <Filter>Source Files\lua</Filter>
    </ClCompile>
    <ClCompile Include="..\..\..\..\third_party\lua\src\lgc.c">
      <Filter>Source Files\lua</Filter>
    </ClCompile>
    <ClCompile Include="..\..\..\..\third_party\lua\src\linit.c">
      <Filter>Source Files\lua</Filter>
    </ClCompile>
    <ClCompile Include="..\..\..\..\third_party\lua\src\liolib.c">
      <Filter>Source Files\lua</Filter>
    </ClCompile>
    <ClCompile Include="..\..\..\..\third_party\lua\src\llex.c">
      <Filter>Source Files\lua</Filter>
    </ClCompile>
    <ClCompile Include="..\..\..\..\third_party\lua\src\lmathlib.c">
      <Filter>Source Files\lua</Filter>
    </ClCompile>
    <ClCompile Include="..\..\..\..\third_party\lua\src\lmem.c">
      <Filter>Source Files\lua</Filter>
    </ClCompile>
    <ClCompile Include="..\..\..\..\third_party\lua\src\loadlib.c">
      <Filter>Source Files\lua</Filter>
    </ClCompile>
    <ClCompile Include="..\..\..\..\third_party\lua\src\lobject.c">
      <Filter>Source Files\lua</Filter>
    </ClCompile>
    <ClCompile Include="..\..\..\..\third_party\lua\src\loslib.c">
      <Filter>Source Files\lua</Filter>
    </ClCompile>
    <ClCompile Include="..\..\..\..\third_party\lua\src\lopcodes.c">
      <Filter>Source Files\lua</Filter>
    </ClCompile>
    <ClCompile Include="..\..\..\..\third_party\lua\src\lparser.c">
      <Filter>Source Files\lua</Filter>
    </ClCompile>
    <ClCompile Include="..\..\..\..\third_party\lua\src\lstate.c">
      <Filter>Source Files\lua</Filter>
    </ClCompile>
    <ClCompile Include="..\..\..\..\third_party\lua\src\lstrlib.c">
      <Filter>Source Files\lua</Filter>
    </ClCompile>
    <ClCompile Include="..\..\..\..\third_party\lua\src\lstring.c">
      <Filter>Source Files\lua</Filter>
    </ClCompile>
    <ClCompile Include="..\..\..\..\third_party\lua\src\ltable.c">
      <Filter>Source Files\lua</Filter>
    </ClCompile>
    <ClCompile Include="..\..\..\..\third_party\lua\src\ltablib.c">
      <Filter>Source Files\lua</Filter>
    </ClCompile>
    <ClCompile Include="..\..\..\..\third_party\lua\src\lua.c">
      <Filter>Source Files\lua</Filter>
    </ClCompile>
    <ClCompile Include="..\..\..\..\third_party\lua\src\ltm.c">
      <Filter>Source Files\lua</Filter>
    </ClCompile>
    <ClCompile Include="..\..\..\..\third_party\lua\src\lundump.c">
      <Filter>Source Files\lua</Filter>
    </ClCompile>
    <ClCompile Include="..\..\..\..\third_party\lua\src\lutf8lib.c">
      <Filter>Source Files\lua</Filter>
    </ClCompile>
    <ClCompile Include="..\..\..\..\third_party\lua\src\lvm.c">
      <Filter>Source Files\lua</Filter>
    </ClCompile>
    <ClCompile Include="..\..\..\..\third_party\lua\src\lzio.c">
      <Filter>Source Files\lua</Filter>
    </ClCompile>
    <ClCompile Include="..\..\..\model\autotracker.cc">
      <Filter>Source Files\model</Filter>
    </ClCompile>
    <ClCompile Include="..\..\..\model\base_model.cc">
      <Filter>Source Files\model</Filter>
    </ClCompile>
    <ClCompile Include="..\..\..\model\client.cc">
      <Filter>Source Files\model</Filter>
    </ClCompile>
    <ClCompile Include="..\..\..\util\custom_error_handler.cc">
      <Filter>Source Files\util</Filter>
    </ClCompile>
    <ClCompile Include="..\..\..\util\formatter.cc">
      <Filter>Source Files\util</Filter>
    </ClCompile>
    <ClCompile Include="..\..\..\model\obm_action.cc">
      <Filter>Source Files\model</Filter>
    </ClCompile>
    <ClCompile Include="..\..\..\model\project.cc">
      <Filter>Source Files\model</Filter>
    </ClCompile>
    <ClCompile Include="..\..\..\util\random.cc">
      <Filter>Source Files\util</Filter>
    </ClCompile>
    <ClCompile Include="..\..\..\util\rectangle.cc">
      <Filter>Source Files\util</Filter>
    </ClCompile>
    <ClCompile Include="..\..\..\model\tag.cc">
      <Filter>Source Files\model</Filter>
    </ClCompile>
    <ClCompile Include="..\..\..\model\task.cc">
      <Filter>Source Files\model</Filter>
    </ClCompile>
    <ClCompile Include="..\..\..\model\time_entry.cc">
      <Filter>Source Files\model</Filter>
    </ClCompile>
    <ClCompile Include="..\..\..\model\timeline_event.cc">
      <Filter>Source Files\model</Filter>
    </ClCompile>
    <ClCompile Include="..\..\..\model\user.cc">
      <Filter>Source Files\model</Filter>
    </ClCompile>
    <ClCompile Include="..\..\..\model\workspace.cc">
      <Filter>Source Files\model</Filter>
    </ClCompile>
    <ClCompile Include="..\..\..\model\settings.cc">
      <Filter>Source Files\model</Filter>
    </ClCompile>
    <ClCompile Include="..\..\..\..\third_party\luafar\ustring.c">
      <Filter>Source Files\lua</Filter>
    </ClCompile>
    <ClCompile Include="..\..\..\database.cc">
      <Filter>Source Files\database</Filter>
    </ClCompile>
    <ClCompile Include="..\..\..\migrations.cc">
      <Filter>Source Files\database</Filter>
    </ClCompile>
  </ItemGroup>
</Project>